version = 1
revision = 2
requires-python = ">=3.14"

[[package]]
name = "colorama"
version = "0.4.6"
source = { registry = "https://pypi.org/simple" }
sdist = { url = "https://files.pythonhosted.org/packages/d8/53/6f443c9a4a8358a93a6792e2acffb9d9d5cb0a5cfd8802644b7b1c9a02e4/colorama-0.4.6.tar.gz", hash = "sha256:08695f5cb7ed6e0531a20572697297273c47b8cae5a63ffc6d6ed5c201be6e44", size = 27697, upload-time = "2022-10-25T02:36:22.414Z" }
wheels = [
    { url = "https://files.pythonhosted.org/packages/d1/d6/3965ed04c63042e047cb6a3e6ed1a63a35087b6a609aa3a15ed8ac56c221/colorama-0.4.6-py2.py3-none-any.whl", hash = "sha256:4f1d9991f5acc0ca119f9d443620b77f9d6b33703e51011c16baf57afb285fc6", size = 25335, upload-time = "2022-10-25T02:36:20.889Z" },
]

[[package]]
name = "coverage"
version = "7.10.4"
source = { registry = "https://pypi.org/simple" }
sdist = { url = "https://files.pythonhosted.org/packages/d6/4e/08b493f1f1d8a5182df0044acc970799b58a8d289608e0d891a03e9d269a/coverage-7.10.4.tar.gz", hash = "sha256:25f5130af6c8e7297fd14634955ba9e1697f47143f289e2a23284177c0061d27", size = 823798, upload-time = "2025-08-17T00:26:43.314Z" }
wheels = [
    { url = "https://files.pythonhosted.org/packages/b5/22/525f84b4cbcff66024d29f6909d7ecde97223f998116d3677cfba0d115b5/coverage-7.10.4-cp314-cp314-macosx_10_13_x86_64.whl", hash = "sha256:a59fe0af7dd7211ba595cf7e2867458381f7e5d7b4cffe46274e0b2f5b9f4eb4", size = 216717, upload-time = "2025-08-17T00:25:43.875Z" },
    { url = "https://files.pythonhosted.org/packages/a6/58/213577f77efe44333a416d4bcb251471e7f64b19b5886bb515561b5ce389/coverage-7.10.4-cp314-cp314-macosx_11_0_arm64.whl", hash = "sha256:3a6c35c5b70f569ee38dc3350cd14fdd0347a8b389a18bb37538cc43e6f730e6", size = 216994, upload-time = "2025-08-17T00:25:45.405Z" },
    { url = "https://files.pythonhosted.org/packages/17/85/34ac02d0985a09472f41b609a1d7babc32df87c726c7612dc93d30679b5a/coverage-7.10.4-cp314-cp314-manylinux1_i686.manylinux_2_28_i686.manylinux_2_5_i686.whl", hash = "sha256:acb7baf49f513554c4af6ef8e2bd6e8ac74e6ea0c7386df8b3eb586d82ccccc4", size = 248038, upload-time = "2025-08-17T00:25:46.981Z" },
    { url = "https://files.pythonhosted.org/packages/47/4f/2140305ec93642fdaf988f139813629cbb6d8efa661b30a04b6f7c67c31e/coverage-7.10.4-cp314-cp314-manylinux1_x86_64.manylinux_2_28_x86_64.manylinux_2_5_x86_64.whl", hash = "sha256:a89afecec1ed12ac13ed203238b560cbfad3522bae37d91c102e690b8b1dc46c", size = 250575, upload-time = "2025-08-17T00:25:48.613Z" },
    { url = "https://files.pythonhosted.org/packages/f2/b5/41b5784180b82a083c76aeba8f2c72ea1cb789e5382157b7dc852832aea2/coverage-7.10.4-cp314-cp314-manylinux2014_aarch64.manylinux_2_17_aarch64.manylinux_2_28_aarch64.whl", hash = "sha256:480442727f464407d8ade6e677b7f21f3b96a9838ab541b9a28ce9e44123c14e", size = 251927, upload-time = "2025-08-17T00:25:50.881Z" },
    { url = "https://files.pythonhosted.org/packages/78/ca/c1dd063e50b71f5aea2ebb27a1c404e7b5ecf5714c8b5301f20e4e8831ac/coverage-7.10.4-cp314-cp314-musllinux_1_2_aarch64.whl", hash = "sha256:a89bf193707f4a17f1ed461504031074d87f035153239f16ce86dfb8f8c7ac76", size = 249930, upload-time = "2025-08-17T00:25:52.422Z" },
    { url = "https://files.pythonhosted.org/packages/8d/66/d8907408612ffee100d731798e6090aedb3ba766ecf929df296c1a7ee4fb/coverage-7.10.4-cp314-cp314-musllinux_1_2_i686.whl", hash = "sha256:3ddd912c2fc440f0fb3229e764feec85669d5d80a988ff1b336a27d73f63c818", size = 247862, upload-time = "2025-08-17T00:25:54.316Z" },
    { url = "https://files.pythonhosted.org/packages/29/db/53cd8ec8b1c9c52d8e22a25434785bfc2d1e70c0cfb4d278a1326c87f741/coverage-7.10.4-cp314-cp314-musllinux_1_2_x86_64.whl", hash = "sha256:8a538944ee3a42265e61c7298aeba9ea43f31c01271cf028f437a7b4075592cf", size = 249360, upload-time = "2025-08-17T00:25:55.833Z" },
    { url = "https://files.pythonhosted.org/packages/4f/75/5ec0a28ae4a0804124ea5a5becd2b0fa3adf30967ac656711fb5cdf67c60/coverage-7.10.4-cp314-cp314-win32.whl", hash = "sha256:fd2e6002be1c62476eb862b8514b1ba7e7684c50165f2a8d389e77da6c9a2ebd", size = 219449, upload-time = "2025-08-17T00:25:57.984Z" },
    { url = "https://files.pythonhosted.org/packages/9d/ab/66e2ee085ec60672bf5250f11101ad8143b81f24989e8c0e575d16bb1e53/coverage-7.10.4-cp314-cp314-win_amd64.whl", hash = "sha256:ec113277f2b5cf188d95fb66a65c7431f2b9192ee7e6ec9b72b30bbfb53c244a", size = 220246, upload-time = "2025-08-17T00:25:59.868Z" },
    { url = "https://files.pythonhosted.org/packages/37/3b/00b448d385f149143190846217797d730b973c3c0ec2045a7e0f5db3a7d0/coverage-7.10.4-cp314-cp314-win_arm64.whl", hash = "sha256:9744954bfd387796c6a091b50d55ca7cac3d08767795b5eec69ad0f7dbf12d38", size = 218825, upload-time = "2025-08-17T00:26:01.44Z" },
    { url = "https://files.pythonhosted.org/packages/ee/2e/55e20d3d1ce00b513efb6fd35f13899e1c6d4f76c6cbcc9851c7227cd469/coverage-7.10.4-cp314-cp314t-macosx_10_13_x86_64.whl", hash = "sha256:5af4829904dda6aabb54a23879f0f4412094ba9ef153aaa464e3c1b1c9bc98e6", size = 217462, upload-time = "2025-08-17T00:26:03.014Z" },
    { url = "https://files.pythonhosted.org/packages/47/b3/aab1260df5876f5921e2c57519e73a6f6eeacc0ae451e109d44ee747563e/coverage-7.10.4-cp314-cp314t-macosx_11_0_arm64.whl", hash = "sha256:7bba5ed85e034831fac761ae506c0644d24fd5594727e174b5a73aff343a7508", size = 217675, upload-time = "2025-08-17T00:26:04.606Z" },
    { url = "https://files.pythonhosted.org/packages/67/23/1cfe2aa50c7026180989f0bfc242168ac7c8399ccc66eb816b171e0ab05e/coverage-7.10.4-cp314-cp314t-manylinux1_i686.manylinux_2_28_i686.manylinux_2_5_i686.whl", hash = "sha256:d57d555b0719834b55ad35045de6cc80fc2b28e05adb6b03c98479f9553b387f", size = 259176, upload-time = "2025-08-17T00:26:06.159Z" },
    { url = "https://files.pythonhosted.org/packages/9d/72/5882b6aeed3f9de7fc4049874fd7d24213bf1d06882f5c754c8a682606ec/coverage-7.10.4-cp314-cp314t-manylinux1_x86_64.manylinux_2_28_x86_64.manylinux_2_5_x86_64.whl", hash = "sha256:ba62c51a72048bb1ea72db265e6bd8beaabf9809cd2125bbb5306c6ce105f214", size = 261341, upload-time = "2025-08-17T00:26:08.137Z" },
    { url = "https://files.pythonhosted.org/packages/1b/70/a0c76e3087596ae155f8e71a49c2c534c58b92aeacaf4d9d0cbbf2dde53b/coverage-7.10.4-cp314-cp314t-manylinux2014_aarch64.manylinux_2_17_aarch64.manylinux_2_28_aarch64.whl", hash = "sha256:0acf0c62a6095f07e9db4ec365cc58c0ef5babb757e54745a1aa2ea2a2564af1", size = 263600, upload-time = "2025-08-17T00:26:11.045Z" },
    { url = "https://files.pythonhosted.org/packages/cb/5f/27e4cd4505b9a3c05257fb7fc509acbc778c830c450cb4ace00bf2b7bda7/coverage-7.10.4-cp314-cp314t-musllinux_1_2_aarch64.whl", hash = "sha256:e1033bf0f763f5cf49ffe6594314b11027dcc1073ac590b415ea93463466deec", size = 261036, upload-time = "2025-08-17T00:26:12.693Z" },
    { url = "https://files.pythonhosted.org/packages/02/d6/cf2ae3a7f90ab226ea765a104c4e76c5126f73c93a92eaea41e1dc6a1892/coverage-7.10.4-cp314-cp314t-musllinux_1_2_i686.whl", hash = "sha256:92c29eff894832b6a40da1789b1f252305af921750b03ee4535919db9179453d", size = 258794, upload-time = "2025-08-17T00:26:14.261Z" },
    { url = "https://files.pythonhosted.org/packages/9e/b1/39f222eab0d78aa2001cdb7852aa1140bba632db23a5cfd832218b496d6c/coverage-7.10.4-cp314-cp314t-musllinux_1_2_x86_64.whl", hash = "sha256:822c4c830989c2093527e92acd97be4638a44eb042b1bdc0e7a278d84a070bd3", size = 259946, upload-time = "2025-08-17T00:26:15.899Z" },
    { url = "https://files.pythonhosted.org/packages/74/b2/49d82acefe2fe7c777436a3097f928c7242a842538b190f66aac01f29321/coverage-7.10.4-cp314-cp314t-win32.whl", hash = "sha256:e694d855dac2e7cf194ba33653e4ba7aad7267a802a7b3fc4347d0517d5d65cd", size = 220226, upload-time = "2025-08-17T00:26:17.566Z" },
    { url = "https://files.pythonhosted.org/packages/06/b0/afb942b6b2fc30bdbc7b05b087beae11c2b0daaa08e160586cf012b6ad70/coverage-7.10.4-cp314-cp314t-win_amd64.whl", hash = "sha256:efcc54b38ef7d5bfa98050f220b415bc5bb3d432bd6350a861cf6da0ede2cdcd", size = 221346, upload-time = "2025-08-17T00:26:19.311Z" },
    { url = "https://files.pythonhosted.org/packages/d8/66/e0531c9d1525cb6eac5b5733c76f27f3053ee92665f83f8899516fea6e76/coverage-7.10.4-cp314-cp314t-win_arm64.whl", hash = "sha256:6f3a3496c0fa26bfac4ebc458747b778cff201c8ae94fa05e1391bab0dbc473c", size = 219368, upload-time = "2025-08-17T00:26:21.011Z" },
    { url = "https://files.pythonhosted.org/packages/bb/78/983efd23200921d9edb6bd40512e1aa04af553d7d5a171e50f9b2b45d109/coverage-7.10.4-py3-none-any.whl", hash = "sha256:065d75447228d05121e5c938ca8f0e91eed60a1eb2d1258d42d5084fecfc3302", size = 208365, upload-time = "2025-08-17T00:26:41.479Z" },
]

[[package]]
name = "hypetext"
version = "0.0.0"
source = { editable = "." }
dependencies = [
    { name = "ovld" },
]

[package.dev-dependencies]
dev = [
    { name = "pytest" },
    { name = "pytest-cov" },
    { name = "pytest-regressions" },
]

[package.metadata]
requires-dist = [{ name = "ovld", specifier = ">=0.5.10" }]

[package.metadata.requires-dev]
dev = [
    { name = "pytest", specifier = ">=8.3.5" },
    { name = "pytest-cov", specifier = ">=6.1.1" },
    { name = "pytest-regressions", specifier = ">=2.7.0" },
]

[[package]]
name = "iniconfig"
version = "2.1.0"
source = { registry = "https://pypi.org/simple" }
sdist = { url = "https://files.pythonhosted.org/packages/f2/97/ebf4da567aa6827c909642694d71c9fcf53e5b504f2d96afea02718862f3/iniconfig-2.1.0.tar.gz", hash = "sha256:3abbd2e30b36733fee78f9c7f7308f2d0050e88f0087fd25c2645f63c773e1c7", size = 4793, upload-time = "2025-03-19T20:09:59.721Z" }
wheels = [
    { url = "https://files.pythonhosted.org/packages/2c/e1/e6716421ea10d38022b952c159d5161ca1193197fb744506875fbb87ea7b/iniconfig-2.1.0-py3-none-any.whl", hash = "sha256:9deba5723312380e77435581c6bf4935c94cbfab9b1ed33ef8d238ea168eb760", size = 6050, upload-time = "2025-03-19T20:10:01.071Z" },
]

[[package]]
name = "ovld"
version = "0.5.12"
source = { registry = "https://pypi.org/simple" }
sdist = { url = "https://files.pythonhosted.org/packages/7d/2a/1967d22b5f2f5b1f6a3c2ab3e0b061fa4e3e054d9fbf1e56b057f8adef4b/ovld-0.5.12.tar.gz", hash = "sha256:60cdc9a73fe149d658231afe7db58d666bffb4e2d923598ffeebcd3b0ee35bee", size = 104881, upload-time = "2025-08-20T21:20:21.052Z" }
wheels = [
    { url = "https://files.pythonhosted.org/packages/d5/49/ec896811764f3ea11fda852639b320c0d4bc6ceeecc036e10e4d833cd69f/ovld-0.5.12-py3-none-any.whl", hash = "sha256:d6ab0c61b4066dea31314783f8c5f56c9d45d24d5112354367a80247354a5da3", size = 39719, upload-time = "2025-08-20T21:20:19.647Z" },
]

[[package]]
name = "packaging"
version = "25.0"
source = { registry = "https://pypi.org/simple" }
sdist = { url = "https://files.pythonhosted.org/packages/a1/d4/1fc4078c65507b51b96ca8f8c3ba19e6a61c8253c72794544580a7b6c24d/packaging-25.0.tar.gz", hash = "sha256:d443872c98d677bf60f6a1f2f8c1cb748e8fe762d2bf9d3148b5599295b0fc4f", size = 165727, upload-time = "2025-04-19T11:48:59.673Z" }
wheels = [
    { url = "https://files.pythonhosted.org/packages/20/12/38679034af332785aac8774540895e234f4d07f7545804097de4b666afd8/packaging-25.0-py3-none-any.whl", hash = "sha256:29572ef2b1f17581046b3a2227d5c611fb25ec70ca1ba8554b24b0e69331a484", size = 66469, upload-time = "2025-04-19T11:48:57.875Z" },
]

[[package]]
name = "pluggy"
version = "1.6.0"
source = { registry = "https://pypi.org/simple" }
sdist = { url = "https://files.pythonhosted.org/packages/f9/e2/3e91f31a7d2b083fe6ef3fa267035b518369d9511ffab804f839851d2779/pluggy-1.6.0.tar.gz", hash = "sha256:7dcc130b76258d33b90f61b658791dede3486c3e6bfb003ee5c9bfb396dd22f3", size = 69412, upload-time = "2025-05-15T12:30:07.975Z" }
wheels = [
    { url = "https://files.pythonhosted.org/packages/54/20/4d324d65cc6d9205fabedc306948156824eb9f0ee1633355a8f7ec5c66bf/pluggy-1.6.0-py3-none-any.whl", hash = "sha256:e920276dd6813095e9377c0bc5566d94c932c33b27a3e3945d8389c374dd4746", size = 20538, upload-time = "2025-05-15T12:30:06.134Z" },
]

[[package]]
name = "pygments"
version = "2.19.2"
source = { registry = "https://pypi.org/simple" }
sdist = { url = "https://files.pythonhosted.org/packages/b0/77/a5b8c569bf593b0140bde72ea885a803b82086995367bf2037de0159d924/pygments-2.19.2.tar.gz", hash = "sha256:636cb2477cec7f8952536970bc533bc43743542f70392ae026374600add5b887", size = 4968631, upload-time = "2025-06-21T13:39:12.283Z" }
wheels = [
    { url = "https://files.pythonhosted.org/packages/c7/21/705964c7812476f378728bdf590ca4b771ec72385c533964653c68e86bdc/pygments-2.19.2-py3-none-any.whl", hash = "sha256:86540386c03d588bb81d44bc3928634ff26449851e99741617ecb9037ee5ec0b", size = 1225217, upload-time = "2025-06-21T13:39:07.939Z" },
]

[[package]]
name = "pytest"
version = "8.4.1"
source = { registry = "https://pypi.org/simple" }
dependencies = [
    { name = "colorama", marker = "sys_platform == 'win32'" },
    { name = "iniconfig" },
    { name = "packaging" },
    { name = "pluggy" },
    { name = "pygments" },
]
sdist = { url = "https://files.pythonhosted.org/packages/08/ba/45911d754e8eba3d5a841a5ce61a65a685ff1798421ac054f85aa8747dfb/pytest-8.4.1.tar.gz", hash = "sha256:7c67fd69174877359ed9371ec3af8a3d2b04741818c51e5e99cc1742251fa93c", size = 1517714, upload-time = "2025-06-18T05:48:06.109Z" }
wheels = [
    { url = "https://files.pythonhosted.org/packages/29/16/c8a903f4c4dffe7a12843191437d7cd8e32751d5de349d45d3fe69544e87/pytest-8.4.1-py3-none-any.whl", hash = "sha256:539c70ba6fcead8e78eebbf1115e8b589e7565830d7d006a8723f19ac8a0afb7", size = 365474, upload-time = "2025-06-18T05:48:03.955Z" },
]

[[package]]
name = "pytest-cov"
version = "6.2.1"
source = { registry = "https://pypi.org/simple" }
dependencies = [
    { name = "coverage" },
    { name = "pluggy" },
    { name = "pytest" },
]
sdist = { url = "https://files.pythonhosted.org/packages/18/99/668cade231f434aaa59bbfbf49469068d2ddd945000621d3d165d2e7dd7b/pytest_cov-6.2.1.tar.gz", hash = "sha256:25cc6cc0a5358204b8108ecedc51a9b57b34cc6b8c967cc2c01a4e00d8a67da2", size = 69432, upload-time = "2025-06-12T10:47:47.684Z" }
wheels = [
    { url = "https://files.pythonhosted.org/packages/bc/16/4ea354101abb1287856baa4af2732be351c7bee728065aed451b678153fd/pytest_cov-6.2.1-py3-none-any.whl", hash = "sha256:f5bc4c23f42f1cdd23c70b1dab1bbaef4fc505ba950d53e0081d0730dd7e86d5", size = 24644, upload-time = "2025-06-12T10:47:45.932Z" },
]

[[package]]
name = "pytest-datadir"
version = "1.8.0"
source = { registry = "https://pypi.org/simple" }
dependencies = [
    { name = "pytest" },
]
sdist = { url = "https://files.pythonhosted.org/packages/b4/46/db060b291999ca048edd06d6fa9ee95945d088edc38b1172c59eeb46ec45/pytest_datadir-1.8.0.tar.gz", hash = "sha256:7a15faed76cebe87cc91941dd1920a9a38eba56a09c11e9ddf1434d28a0f78eb", size = 11848, upload-time = "2025-07-30T13:52:12.518Z" }
wheels = [
    { url = "https://files.pythonhosted.org/packages/8f/7a/33895863aec26ac3bb5068a73583f935680d6ab6af2a9567d409430c3ee1/pytest_datadir-1.8.0-py3-none-any.whl", hash = "sha256:5c677bc097d907ac71ca418109adc3abe34cf0bddfe6cf78aecfbabd96a15cf0", size = 6512, upload-time = "2025-07-30T13:52:11.525Z" },
]

[[package]]
name = "pytest-regressions"
version = "2.8.2"
source = { registry = "https://pypi.org/simple" }
dependencies = [
    { name = "pytest" },
    { name = "pytest-datadir" },
    { name = "pyyaml" },
]
sdist = { url = "https://files.pythonhosted.org/packages/c1/8e/e17b12ee49a9814ad86f544225331406e3bf23849a5bc83f91e119e2b72b/pytest_regressions-2.8.2.tar.gz", hash = "sha256:1d8f4767be58b9994bfa7d60271099469ad32b8ca9f9d9ceca1c1d6827156b19", size = 116642, upload-time = "2025-08-13T15:50:37.961Z" }
wheels = [
    { url = "https://files.pythonhosted.org/packages/b6/c9/2c3ea968876f698035b1f00dbe5cd6bff76d3e441dfb1af32111f544b6bb/pytest_regressions-2.8.2-py3-none-any.whl", hash = "sha256:a0804c1ce66d8e4d9a3c7c68f42a3d436182edca8e86565c232caeaf9e080fc2", size = 24856, upload-time = "2025-08-13T15:50:36.431Z" },
]

[[package]]
name = "pyyaml"
version = "6.0.2"
source = { registry = "https://pypi.org/simple" }
sdist = { url = "https://files.pythonhosted.org/packages/54/ed/79a089b6be93607fa5cdaedf301d7dfb23af5f25c398d5ead2525b063e17/pyyaml-6.0.2.tar.gz", hash = "sha256:d584d9ec91ad65861cc08d42e834324ef890a082e591037abe114850ff7bbc3e", size = 130631, upload-time = "2024-08-06T20:33:50.674Z" }
