version = 1
revision = 3
requires-python = ">=3.9, <4.0"

[[package]]
name = "brick-tq-shacl"
version = "0.4.0"
source = { editable = "." }
dependencies = [
    { name = "pyontoenv" },
    { name = "pytqshacl" },
    { name = "rdflib" },
]

[package.metadata]
requires-dist = [
    { name = "pyontoenv", specifier = ">=0.3.1a1" },
    { name = "pytqshacl", specifier = ">=140" },
    { name = "rdflib", specifier = ">=7.0" },
]

[[package]]
name = "isodate"
version = "0.7.2"
source = { registry = "https://pypi.org/simple" }
sdist = { url = "https://files.pythonhosted.org/packages/54/4d/e940025e2ce31a8ce1202635910747e5a87cc3a6a6bb2d00973375014749/isodate-0.7.2.tar.gz", hash = "sha256:4cd1aa0f43ca76f4a6c6c0292a85f40b35ec2e43e315b59f06e6d32171a953e6", size = 29705, upload-time = "2024-10-08T23:04:11.5Z" }
wheels = [
    { url = "https://files.pythonhosted.org/packages/15/aa/0aca39a37d3c7eb941ba736ede56d689e7be91cab5d9ca846bde3999eba6/isodate-0.7.2-py3-none-any.whl", hash = "sha256:28009937d8031054830160fce6d409ed342816b543597cece116d966c6d99e15", size = 22320, upload-time = "2024-10-08T23:04:09.501Z" },
]

[[package]]
name = "oxrdflib"
version = "0.4.0"
source = { registry = "https://pypi.org/simple" }
dependencies = [
    { name = "pyoxigraph" },
    { name = "rdflib" },
]
sdist = { url = "https://files.pythonhosted.org/packages/b0/03/e272b69fa63e1b0fc5039420457e9bb556870ae3211af8955de574b2757a/oxrdflib-0.4.0.tar.gz", hash = "sha256:37d4c025d4e39c5e5472527c393998bfd10e5ac185a30e080b5b510f6dd7da86", size = 20307, upload-time = "2024-11-02T11:44:25.222Z" }
wheels = [
    { url = "https://files.pythonhosted.org/packages/56/39/c4e6b4a23e9ce5aafbd8dfff6960b751a70b9844f4e90dd39462b0e32cc4/oxrdflib-0.4.0-py3-none-any.whl", hash = "sha256:c6203636b05817e21fbe7c469154b2e312593d0801cdaa14058c2d99dcfc12a6", size = 10670, upload-time = "2024-11-02T11:44:22.031Z" },
]

[[package]]
name = "pyontoenv"
version = "0.3.1a2"
source = { registry = "https://pypi.org/simple" }
dependencies = [
    { name = "oxrdflib" },
    { name = "rdflib" },
]
sdist = { url = "https://files.pythonhosted.org/packages/d1/ff/d0ed4d41ce79f18a25bb4863636bfcfd5dd55e9b618b1930dee365007b7e/pyontoenv-0.3.1a2.tar.gz", hash = "sha256:672c8ca695eea45570a0d56a2753bda23a247ed36edeb8fe52aea79abdbbc285", size = 925070, upload-time = "2025-08-13T02:03:42.372Z" }
wheels = [
    { url = "https://files.pythonhosted.org/packages/2d/bf/9d68cddd4f51d89d434fd2ed7bf6d881538cd7af93420cfe5023c937ee02/pyontoenv-0.3.1a2-cp310-cp310-manylinux_2_17_aarch64.manylinux2014_aarch64.whl", hash = "sha256:c44d2bc656f23c3aaaf155ec502fcc17e915f84d9cf1c405448595ea09725ddb", size = 7362436, upload-time = "2025-08-13T02:02:37.027Z" },
    { url = "https://files.pythonhosted.org/packages/4e/b6/ae7d0a1409f67c7293df5f63a5199ceb8acf64d046800e97505783201d3c/pyontoenv-0.3.1a2-cp310-cp310-manylinux_2_17_x86_64.manylinux2014_x86_64.whl", hash = "sha256:549abb774d482c226c4ebf8327495fb912c631f21b015f38797428f9aedf5143", size = 7611532, upload-time = "2025-08-13T02:02:39.309Z" },
    { url = "https://files.pythonhosted.org/packages/7f/18/6430b889e6b43bfe9422445fbfa3a05ff129f6baaa5724c9c6d5ee00cd95/pyontoenv-0.3.1a2-cp310-cp310-musllinux_1_2_aarch64.whl", hash = "sha256:51044928dfe013f603e5eb6187d78ff337018b3c76dfae64a61188ffd44b27f9", size = 8392193, upload-time = "2025-08-13T02:02:41.501Z" },
    { url = "https://files.pythonhosted.org/packages/fa/f2/bef33c26687f18eae3fac1bced4ea4c5c18e057c13129ef96d8222634d63/pyontoenv-0.3.1a2-cp310-cp310-musllinux_1_2_x86_64.whl", hash = "sha256:07c0ab9f98383d91f29b12ac86cc98da707ad7f01dc1f806c72add04274b53c5", size = 8859026, upload-time = "2025-08-13T02:02:44.584Z" },
    { url = "https://files.pythonhosted.org/packages/29/ba/8139c791e613790a2f2796c7882777975a766bd61c76ef3c298356e9cd25/pyontoenv-0.3.1a2-cp311-cp311-manylinux_2_17_aarch64.manylinux2014_aarch64.whl", hash = "sha256:d3d8711fb50d0fbd706806b23d2353c1a65215f64f08c4776c65d7fb62fc9c58", size = 7361638, upload-time = "2025-08-13T02:02:47.894Z" },
    { url = "https://files.pythonhosted.org/packages/47/8c/9b38e57ce4be15101c1db16d8223d1d8bd649d438e34fd50592fd56536e9/pyontoenv-0.3.1a2-cp311-cp311-manylinux_2_17_x86_64.manylinux2014_x86_64.whl", hash = "sha256:213f086b0bb3ad8809cbb40ffbf21a602b3342e09e1c1ad23e63b7153677c824", size = 7611289, upload-time = "2025-08-13T02:02:49.505Z" },
    { url = "https://files.pythonhosted.org/packages/8d/75/3a55144dbfbd39da343eaf4a4a35ed304002817b89f9611d2d87102d7533/pyontoenv-0.3.1a2-cp311-cp311-musllinux_1_2_aarch64.whl", hash = "sha256:156d8ef138eeed95abfc09680fc41a7093c48787867385bf65b66982d7f2d299", size = 8392277, upload-time = "2025-08-13T02:02:52.088Z" },
    { url = "https://files.pythonhosted.org/packages/bf/39/76791c44c3efffccc61e9ea05eaaf62a53ad1bf486725fa3f21ff9336738/pyontoenv-0.3.1a2-cp311-cp311-musllinux_1_2_x86_64.whl", hash = "sha256:b992c6e5c10e716557f60f5d3b0a4f36f399eddba420439a03ff693419a8a4c0", size = 8858650, upload-time = "2025-08-13T02:02:54.668Z" },
    { url = "https://files.pythonhosted.org/packages/9e/f8/1c15bd735496c91e9fc11375ca943b47ad04417ce5901334441c0b8579e3/pyontoenv-0.3.1a2-cp312-cp312-manylinux_2_17_aarch64.manylinux2014_aarch64.whl", hash = "sha256:3694e3aef1cfc6c97aa905437dbf3d26fd398f500640ba8bef22864d46233862", size = 7361307, upload-time = "2025-08-13T02:02:57Z" },
    { url = "https://files.pythonhosted.org/packages/1a/c9/9e6e93ec4cf1d08bc9a0308d2d5d08b0e3bee0361efe82a9f2a0f8e3c55f/pyontoenv-0.3.1a2-cp312-cp312-manylinux_2_17_x86_64.manylinux2014_x86_64.whl", hash = "sha256:f28f78bc1acbec44aba8a76879b3a0465423fcb29ab8de75ab5a4f8273f43358", size = 7610646, upload-time = "2025-08-13T02:02:58.94Z" },
    { url = "https://files.pythonhosted.org/packages/6e/f4/00a64d8efb0507c785c53b065a4082c1ad2bcc77f809c3d5e5e6cf57e26b/pyontoenv-0.3.1a2-cp312-cp312-musllinux_1_2_aarch64.whl", hash = "sha256:9bd3d1137b61aef0d95c0a83b34a3219850c8ff5c3c61d600992c6cf863545ba", size = 8391696, upload-time = "2025-08-13T02:03:00.644Z" },
    { url = "https://files.pythonhosted.org/packages/61/59/b890f38a4d84b20ad16050c26c21ec2c60e4971e899af5d51d7731141dd6/pyontoenv-0.3.1a2-cp312-cp312-musllinux_1_2_x86_64.whl", hash = "sha256:7d434f87cd6d3eb741a18dd6eef3ece97c322bda7486079c5ca74b763d159276", size = 8859235, upload-time = "2025-08-13T02:03:02.688Z" },
    { url = "https://files.pythonhosted.org/packages/e6/9d/489d1a37931a68bd0725e03a6b9b44ee8f73bb68b177c245cc115a619e90/pyontoenv-0.3.1a2-cp39-abi3-macosx_10_14_x86_64.macosx_11_0_arm64.macosx_10_14_universal2.whl", hash = "sha256:6070a9d7c9a2ca8ef3ec250f853a7dd50cd628df7b658f46cddd1603b30bccac", size = 12565659, upload-time = "2025-08-13T02:03:14.429Z" },
    { url = "https://files.pythonhosted.org/packages/12/18/10a3f376b5da4cc9c9c8c7407c35fd67d42134905c563ad6ea0ebbc754da/pyontoenv-0.3.1a2-cp39-abi3-macosx_10_14_x86_64.whl", hash = "sha256:13c51f8784aa97b50249cb8d33726d58dfbf2a6d15145f1b09645369a48f5e7d", size = 6494583, upload-time = "2025-08-13T02:03:16.79Z" },
    { url = "https://files.pythonhosted.org/packages/6b/9a/132e3daf4586440c1c3789667de49e00540f60007beddb2102d395110497/pyontoenv-0.3.1a2-cp39-abi3-macosx_11_0_arm64.whl", hash = "sha256:b2d3856f3d5d9530e6aa37bd95166062ceae5ece241ac11471bedc21af8ffcb4", size = 6074581, upload-time = "2025-08-13T02:03:18.221Z" },
    { url = "https://files.pythonhosted.org/packages/18/0f/9a946c227a915624f9b1973b0cdb54fe4bc6ba47a00e97b58c9f9ab7abec/pyontoenv-0.3.1a2-cp39-abi3-manylinux_2_17_aarch64.manylinux2014_aarch64.whl", hash = "sha256:a2c660adcc8ca0ac3f2f51084e6cf583d158ad319111cad945d4b7230fa46918", size = 7364845, upload-time = "2025-08-13T02:03:19.783Z" },
    { url = "https://files.pythonhosted.org/packages/ed/ac/72b3e8e69f7b3499a67969f0309efeb281edaeee8153d7d10a3ab6388003/pyontoenv-0.3.1a2-cp39-abi3-manylinux_2_17_x86_64.manylinux2014_x86_64.whl", hash = "sha256:6b842d047b8dc3dd13b71b72cb9b1496127dd167c19734f0e279e1d2638dad32", size = 7616773, upload-time = "2025-08-13T02:03:21.275Z" },
    { url = "https://files.pythonhosted.org/packages/26/c5/fdcf782e9d2e23103bff94617223027ff74654127eb5e9c6e8a695f652ea/pyontoenv-0.3.1a2-cp39-abi3-musllinux_1_2_aarch64.whl", hash = "sha256:7b5ed8ddde0dc409be30f5128208b1c5f27c2aa105e38cfee92e115ded6bbb50", size = 8395713, upload-time = "2025-08-13T02:03:22.791Z" },
    { url = "https://files.pythonhosted.org/packages/a9/a0/b3e87d28b9aeb84f92753e135e9e58aacb889ecdd8b7c852228c7700dcca/pyontoenv-0.3.1a2-cp39-abi3-musllinux_1_2_x86_64.whl", hash = "sha256:0d37e1f4aa7f444872553b70184a3f10bf37e554790410c4ee1900ceffa30292", size = 8865663, upload-time = "2025-08-13T02:03:24.649Z" },
    { url = "https://files.pythonhosted.org/packages/9f/80/448a1aa13d3c79ce6a344c4f49184996bb6ff5e7460c1a44ac278dd547dc/pyontoenv-0.3.1a2-cp39-abi3-win_amd64.whl", hash = "sha256:f69743c56a052a4e42b53ce16fce60f9c6850d75be176978b403c64d2637e3b1", size = 5560028, upload-time = "2025-08-13T02:03:26.839Z" },
    { url = "https://files.pythonhosted.org/packages/1f/3d/e5407002b206092fb0cb31585c807289ecf6a4e929730d39e2e23ea43485/pyontoenv-0.3.1a2-cp39-cp39-manylinux_2_17_aarch64.manylinux2014_aarch64.whl", hash = "sha256:6ce556dcdef127a5225d93c3be17aaa89e7bc4dcb8077944a86ab132e362fe06", size = 7362970, upload-time = "2025-08-13T02:03:28.318Z" },
    { url = "https://files.pythonhosted.org/packages/8d/8c/2b64948b22079339545927e347e9cf19d666373c429293500345b2cf4654/pyontoenv-0.3.1a2-cp39-cp39-manylinux_2_17_x86_64.manylinux2014_x86_64.whl", hash = "sha256:e4f8695c5588ff2a67b1fddd6b4e4395bca0dfb9e30709a45587081653f0909e", size = 7612026, upload-time = "2025-08-13T02:03:29.857Z" },
    { url = "https://files.pythonhosted.org/packages/cf/d1/021f7ffd8629ffc65876842e61ce780c9b9c3b3832c5c556230343f8417b/pyontoenv-0.3.1a2-cp39-cp39-musllinux_1_2_aarch64.whl", hash = "sha256:58125a471c5f37a678aaa6fb6e0d986f479317944beb85c0a4ef53fb6990a79a", size = 8393541, upload-time = "2025-08-13T02:03:31.36Z" },
    { url = "https://files.pythonhosted.org/packages/b7/2c/0e72c59f9eadd144ccef0c8c8fa17db2f964b962f6eda2775de50c5eee76/pyontoenv-0.3.1a2-cp39-cp39-musllinux_1_2_x86_64.whl", hash = "sha256:2a6ec86c20b936f44a6df2ddbc6a127eac9bb9f3de028e7795091aa0afd55386", size = 8860259, upload-time = "2025-08-13T02:03:33.248Z" },
    { url = "https://files.pythonhosted.org/packages/37/44/f7f6184cad908fb70f966af90205a43f2ec56f283d781f7589840850f69f/pyontoenv-0.3.1a2-pp310-pypy310_pp73-manylinux_2_17_aarch64.manylinux2014_aarch64.whl", hash = "sha256:554923356dcfc6b5d52b1e7898ec8f670b8be2ddb1dfe192fddf9739df3cf7f1", size = 7363637, upload-time = "2025-08-13T02:03:35.126Z" },
    { url = "https://files.pythonhosted.org/packages/4c/01/bf2a9c99b8e69ca8b78c1a076fb30c0e20a59f87cab8a30607714ca5e9dc/pyontoenv-0.3.1a2-pp310-pypy310_pp73-manylinux_2_17_x86_64.manylinux2014_x86_64.whl", hash = "sha256:c6f29e95444cca075802ff5d398495ce90da595ce6f6e535af22dee3a2d0f75e", size = 7613928, upload-time = "2025-08-13T02:03:37.305Z" },
    { url = "https://files.pythonhosted.org/packages/49/59/c70d50f42e105e149e070a53fc3cb45d3d8ad5758841e1413680e24a711a/pyontoenv-0.3.1a2-pp39-pypy39_pp73-manylinux_2_17_aarch64.manylinux2014_aarch64.whl", hash = "sha256:27ffcea156054beb20a6e8e7d954c959f5dc343b55b6e743ab33e462f2e428d9", size = 7363189, upload-time = "2025-08-13T02:03:39.305Z" },
    { url = "https://files.pythonhosted.org/packages/34/f7/1046525c76df42cdbcb04e1eb1e7753e85367cf841382ccfcd854b1fca02/pyontoenv-0.3.1a2-pp39-pypy39_pp73-manylinux_2_17_x86_64.manylinux2014_x86_64.whl", hash = "sha256:22b88fb36595a835b9813a304b9a2ddfb092e898c4ba6f675a654356901205cd", size = 7612091, upload-time = "2025-08-13T02:03:41.054Z" },
]

[[package]]
name = "pyoxigraph"
version = "0.4.11"
source = { registry = "https://pypi.org/simple" }
sdist = { url = "https://files.pythonhosted.org/packages/50/23/d64f6b8ba918b76c0d048f5ec32ffd2b79a9455e1ec07d9637adccf8868e/pyoxigraph-0.4.11.tar.gz", hash = "sha256:19da535c5026eacb11140ee03e2055d8757eb0e9800e722476f52fa46fe96658", size = 4897598, upload-time = "2025-05-21T20:55:58.046Z" }
wheels = [
    { url = "https://files.pythonhosted.org/packages/98/9a/f0540dbd68ade8aa518a9a01996c2211d2fcb2558e73c423648426cb7417/pyoxigraph-0.4.11-cp310-cp310-manylinux_2_17_aarch64.manylinux2014_aarch64.whl", hash = "sha256:008dd50b7dcab025d9a64df7de178220d197d684cdff3da53442ae759d8d700c", size = 6847415, upload-time = "2025-05-21T20:54:22.048Z" },
    { url = "https://files.pythonhosted.org/packages/8c/ac/004bf714899e53db677ec0fedac0b63a28953dad03cd3e16275a0dc21ad1/pyoxigraph-0.4.11-cp310-cp310-manylinux_2_17_x86_64.manylinux2014_x86_64.whl", hash = "sha256:91e74596d0d9dc234ca77873369bb047672e38be11dfcde8b2db0fa0d0f3bd34", size = 7247911, upload-time = "2025-05-21T20:54:24.368Z" },
    { url = "https://files.pythonhosted.org/packages/2a/4b/acbe70d6403825c1a73c9067c2b40aa5ff3767a1b079185b92dc2b18a6b6/pyoxigraph-0.4.11-cp310-cp310-musllinux_1_2_aarch64.whl", hash = "sha256:cd86f7f04624a23ccb821716ad34943d301524d266b9ac415e5f9cb4f4f339e6", size = 7893741, upload-time = "2025-05-21T20:54:25.983Z" },
    { url = "https://files.pythonhosted.org/packages/4d/b3/8f255d9eeea227b00e36d8d785b7695da4966eb405766badfc2c348cd20b/pyoxigraph-0.4.11-cp310-cp310-musllinux_1_2_x86_64.whl", hash = "sha256:7a0a3d84c887820473f1218e2e9633c2322eafed5e785b22a955ee0caaff882d", size = 8503949, upload-time = "2025-05-21T20:54:27.7Z" },
    { url = "https://files.pythonhosted.org/packages/12/6b/3bc9fd6049f6f3b29c9adf85363e8e981854a8565aba2db6885a7157f5b1/pyoxigraph-0.4.11-cp311-cp311-manylinux_2_17_aarch64.manylinux2014_aarch64.whl", hash = "sha256:1ff9c48ebb0faa48c17691d56d0dab88fa15fadef70e494153bb1511d3fc17ab", size = 6846859, upload-time = "2025-05-21T20:54:30.11Z" },
    { url = "https://files.pythonhosted.org/packages/97/8a/9a8ed1a7bacb6460fade4d30e5e0b33d26ad830fa5c6a1d0e761b256d9a7/pyoxigraph-0.4.11-cp311-cp311-manylinux_2_17_x86_64.manylinux2014_x86_64.whl", hash = "sha256:9dcba1517a42a7d1a9f96b8d248579a8773e9256e35762f353207a486bdbf25b", size = 7247699, upload-time = "2025-05-21T20:54:32.993Z" },
    { url = "https://files.pythonhosted.org/packages/50/26/c8a2bbe36cb24228cb7b94a25e69c9f728b7d174844e03c2067fa21ba7d1/pyoxigraph-0.4.11-cp311-cp311-musllinux_1_2_aarch64.whl", hash = "sha256:6ae5f76d69498862fde26aa84ddf8d10a30478cf7f3be1fa8c82380e2f57af78", size = 7893442, upload-time = "2025-05-21T20:54:35.458Z" },
    { url = "https://files.pythonhosted.org/packages/66/0b/8e61f7cf78b05aebc68d139b62aa865da07f7a403dd1f3c2ed34fc97df51/pyoxigraph-0.4.11-cp311-cp311-musllinux_1_2_x86_64.whl", hash = "sha256:1e58de7bd2b1b6df2aa8a7bb95ce898c78c1309f9fb0d0658c51be38bf630620", size = 8503348, upload-time = "2025-05-21T20:54:37.733Z" },
    { url = "https://files.pythonhosted.org/packages/d4/29/ee4a9f7aa0494f00011c40a87ee2f3e7c440f7c563b0f9513bc8e4b6db3e/pyoxigraph-0.4.11-cp312-cp312-manylinux_2_17_aarch64.manylinux2014_aarch64.whl", hash = "sha256:cc89ed499f0816119bad6955e41db51d7ee3b79f1f78bdb32bc3b7792a21ab51", size = 6843133, upload-time = "2025-05-21T20:54:40.474Z" },
    { url = "https://files.pythonhosted.org/packages/90/1f/141eec16660ba07c280db56111c45d2ba1c1c4c30f284e7a2b2a69562e8d/pyoxigraph-0.4.11-cp312-cp312-manylinux_2_17_x86_64.manylinux2014_x86_64.whl", hash = "sha256:ec1f74e92c1ccb108e7b79bd1395cf12c1c6f9d4a3d9d2c2ddc7955e2a527c6d", size = 7244983, upload-time = "2025-05-21T20:54:43.025Z" },
    { url = "https://files.pythonhosted.org/packages/bf/62/d734047e257df246f98e0d4194f645f5c2a53fb2836e4bd59bb2c6cd34e4/pyoxigraph-0.4.11-cp312-cp312-musllinux_1_2_aarch64.whl", hash = "sha256:720e15d44a33fd153f8985e242e4e428ee913087ad9582d008adf84b55e57e0f", size = 7888928, upload-time = "2025-05-21T20:54:44.706Z" },
    { url = "https://files.pythonhosted.org/packages/ef/79/53a54ded531844afaa61be737b1331582633e123e5966fc3a8adcea3397d/pyoxigraph-0.4.11-cp312-cp312-musllinux_1_2_x86_64.whl", hash = "sha256:63ed10e9b398718350e08b08ffa5086c1c4123c45a1440818a130bf80d9b4a50", size = 8498668, upload-time = "2025-05-21T20:54:47.438Z" },
    { url = "https://files.pythonhosted.org/packages/62/26/b6e5695231f7ae7c2a070c0dff5f9f8e46bad9a2c3f601377c900d8de2f8/pyoxigraph-0.4.11-cp313-cp313-manylinux_2_17_aarch64.manylinux2014_aarch64.whl", hash = "sha256:6b6c280f474df35480ebcf644f5500e3ac835a8469c74ee150f3eab63c096b3b", size = 6842628, upload-time = "2025-05-21T20:54:49.384Z" },
    { url = "https://files.pythonhosted.org/packages/53/0e/ba78262c854b1b05ee8895da0b3233b1ba3fad4c2ac87c443575f9438f94/pyoxigraph-0.4.11-cp313-cp313-manylinux_2_17_x86_64.manylinux2014_x86_64.whl", hash = "sha256:b51b40fbb69ccb77875f98c48bb73338f7488c59fe7470557d2dc954f81cf0ab", size = 7244536, upload-time = "2025-05-21T20:54:52.965Z" },
    { url = "https://files.pythonhosted.org/packages/d9/73/c6d9024bc545f0e608f0fba9ba5617ceef92f7c8057cf1202dcf11b59e0d/pyoxigraph-0.4.11-cp313-cp313-musllinux_1_2_aarch64.whl", hash = "sha256:3249aca824cf641262d7a3083281cae4bef99b5eb21149e468ca59cb2c483b4b", size = 7888251, upload-time = "2025-05-21T20:54:54.699Z" },
    { url = "https://files.pythonhosted.org/packages/6c/2c/ec39c33f38d7c480eebc6c7bc1a1984fc68d755a5027be79324e9b25f51d/pyoxigraph-0.4.11-cp313-cp313-musllinux_1_2_x86_64.whl", hash = "sha256:033cd1e517c218958e621845192770d6214c433e63eff5eff8b189a359b11594", size = 8497847, upload-time = "2025-05-21T20:54:56.852Z" },
    { url = "https://files.pythonhosted.org/packages/dd/ab/2a94e5e0cd1d4e4680c8bbe0197ba4e453bdf99f21ac6eb08ea265cbfee5/pyoxigraph-0.4.11-cp313-cp313-win_amd64.whl", hash = "sha256:429b0d709197b766c08f6b48d59158e878fce350a229848823781d614ad8a73e", size = 4905974, upload-time = "2025-05-21T20:54:58.8Z" },
    { url = "https://files.pythonhosted.org/packages/49/1b/3432268144cafe74fc376cb362afd1e419fd11bb87688deb18bbcf2d16af/pyoxigraph-0.4.11-cp313-cp313t-manylinux_2_17_aarch64.manylinux2014_aarch64.whl", hash = "sha256:13388877324e66dfa65461800505598fb5805a625f23e14b879df4fd52444b24", size = 6839672, upload-time = "2025-05-21T20:55:00.652Z" },
    { url = "https://files.pythonhosted.org/packages/24/ec/f0e3f5135122d73da0451fb98a05c3921d211baa541010943046c75c20d4/pyoxigraph-0.4.11-cp313-cp313t-manylinux_2_17_x86_64.manylinux2014_x86_64.whl", hash = "sha256:ae090cb684331623f7b2460620d85b20cd3a312e0a1c172ad8a6cfd3a260cfdc", size = 7241190, upload-time = "2025-05-21T20:55:03.319Z" },
    { url = "https://files.pythonhosted.org/packages/56/34/68bd955365fe1f3138bb3412a1ebd420332e205861efa65fb662931b042d/pyoxigraph-0.4.11-cp313-cp313t-musllinux_1_2_aarch64.whl", hash = "sha256:3dba53ac72f922607bb9db49e0f49824f74729839873b7a0d1ccf8f518cc80da", size = 7883752, upload-time = "2025-05-21T20:55:05.103Z" },
    { url = "https://files.pythonhosted.org/packages/8b/33/85cef0191f627e0f9576717f676c0ac04f41ad1f879e9dfc0096ccdeb5f6/pyoxigraph-0.4.11-cp313-cp313t-musllinux_1_2_x86_64.whl", hash = "sha256:5965d40cb90852225eb3957a310e359a1f024a9ab21851f0a4555bc9666edc95", size = 8494496, upload-time = "2025-05-21T20:55:08.154Z" },
    { url = "https://files.pythonhosted.org/packages/2a/db/86b0d03d34674978ed147331868533d0d1f1da48acb5e2a41c337cf15935/pyoxigraph-0.4.11-cp38-abi3-macosx_10_14_x86_64.whl", hash = "sha256:d6725d754893e81d5f397f3c6c29664b17eb52c99c9b705d4b800cc4416a53f4", size = 5772593, upload-time = "2025-05-21T20:55:10.265Z" },
    { url = "https://files.pythonhosted.org/packages/07/67/e3106b945867e44696634e7bf4614d5cb4fd5058cd6cc0e53f9483c4f215/pyoxigraph-0.4.11-cp38-abi3-macosx_11_0_arm64.whl", hash = "sha256:b5757598733e38e3fee70513cfb38a2d10191dbbe1522af0329c70801a1f715e", size = 5233235, upload-time = "2025-05-21T20:55:12.936Z" },
    { url = "https://files.pythonhosted.org/packages/7f/4a/fe40b1c9d2380c2eeb0668e9c9b7d6d69df2fb0a7828c180fc19dc5d3774/pyoxigraph-0.4.11-cp38-abi3-manylinux_2_17_aarch64.manylinux2014_aarch64.whl", hash = "sha256:2eaf4f7421ba2815cf9f60c7bc2379344a03afe0ef6e749df9689a2d0c970b8a", size = 6844237, upload-time = "2025-05-21T20:55:15.134Z" },
    { url = "https://files.pythonhosted.org/packages/6d/80/00e6775a0c5e08387c5d2fb30406781e77e8f7082cec2428d098192c31fc/pyoxigraph-0.4.11-cp38-abi3-manylinux_2_17_x86_64.manylinux2014_x86_64.whl", hash = "sha256:0826ed60ec53f3c539cdf4f2b9977089302478d02927293a09da49dedc604660", size = 7246680, upload-time = "2025-05-21T20:55:17.214Z" },
    { url = "https://files.pythonhosted.org/packages/19/68/672ecef6fa84aa7edf1bfc1cc27cfaa06a60a39cd642a34ff6bc9b70e646/pyoxigraph-0.4.11-cp38-abi3-musllinux_1_2_aarch64.whl", hash = "sha256:9322083f3854b26324f4f2aa23b0823c87802e404eb3e19d490f5d40f82a28bd", size = 7891848, upload-time = "2025-05-21T20:55:18.875Z" },
    { url = "https://files.pythonhosted.org/packages/35/d5/65e3bb7e133dcbd7f577cbf6658098bc9315c94ece9510bf731e42c0f3a0/pyoxigraph-0.4.11-cp38-abi3-musllinux_1_2_x86_64.whl", hash = "sha256:e035770fa70ba818073ea20de1989dc24e111f5ad93e52f44b5bd84c77d3057b", size = 8498122, upload-time = "2025-05-21T20:55:20.741Z" },
    { url = "https://files.pythonhosted.org/packages/bd/06/c7c1fe91d5b854f4cb86d29fb7772e0a8ac807ea555767c442cb417b842a/pyoxigraph-0.4.11-cp38-abi3-win_amd64.whl", hash = "sha256:26d862905a378ac922dda56ff6e36b047aea106203a2b5503a6dfc5feda55273", size = 4918145, upload-time = "2025-05-21T20:55:23.173Z" },
    { url = "https://files.pythonhosted.org/packages/15/da/8d443005d5ce50555a07fec5207405669346b5e03ef0aae0bf773d0553d4/pyoxigraph-0.4.11-cp39-cp39-manylinux_2_17_aarch64.manylinux2014_aarch64.whl", hash = "sha256:8abfb7ee202d7f5a7694415e3e4c782d4b376097db08d2cbc92707fd3097b1da", size = 6848002, upload-time = "2025-05-21T20:55:35.458Z" },
    { url = "https://files.pythonhosted.org/packages/c9/25/7d592da5b9293dd29351cbfe9b5735e4a6f5c0a2a77c153950aecd28646a/pyoxigraph-0.4.11-cp39-cp39-manylinux_2_17_x86_64.manylinux2014_x86_64.whl", hash = "sha256:ae8b8f6fdf6613aa5d0e092e33e07279757d3b846dcf11d5c05a6aaad9d9cd06", size = 7248439, upload-time = "2025-05-21T20:55:37.139Z" },
    { url = "https://files.pythonhosted.org/packages/11/08/3f8573e9d9a3339eb5121b11e8bc7f10fac4be45bb579fc808565007ee9e/pyoxigraph-0.4.11-cp39-cp39-musllinux_1_2_aarch64.whl", hash = "sha256:cf5075d9e17ecc63ea744fc3777fbdce5c02dd66f3085202507174fff90cedcc", size = 7894026, upload-time = "2025-05-21T20:55:39.637Z" },
    { url = "https://files.pythonhosted.org/packages/d9/d8/85904561e08eb97322cdf06801b0c6c5d6a6d2ca0fbaff15d897c6ec627d/pyoxigraph-0.4.11-cp39-cp39-musllinux_1_2_x86_64.whl", hash = "sha256:c1b5cb7ddd4434be0b835192451eb6ed3222bd2255f06c59d9f9861f60ffeb87", size = 8503509, upload-time = "2025-05-21T20:55:41.373Z" },
    { url = "https://files.pythonhosted.org/packages/ea/c6/eadaa5ec6f1632a256dbcb4a3f47745770c9f6fec03d2c8a1f4b5e4fc33b/pyoxigraph-0.4.11-pp310-pypy310_pp73-manylinux_2_17_aarch64.manylinux2014_aarch64.whl", hash = "sha256:aed2ee7b60daaf096e3c652ecb4ccdd36ec4e507194a9002b63456b25c0af5c6", size = 6846911, upload-time = "2025-05-21T20:55:44.282Z" },
    { url = "https://files.pythonhosted.org/packages/e5/ba/2f4149c62ea3353810afda1f5e3e5c8b61310e4cbd7fce32f668e056b650/pyoxigraph-0.4.11-pp310-pypy310_pp73-manylinux_2_17_x86_64.manylinux2014_x86_64.whl", hash = "sha256:c8afe83fd73f9f071302f451d987991a280a9703d19508a6dbcd63e9d5222e77", size = 7247384, upload-time = "2025-05-21T20:55:45.995Z" },
    { url = "https://files.pythonhosted.org/packages/47/37/20a14731bd3b64ffcdc3b58553edbf4643810a184e3cee205e891f6d9b49/pyoxigraph-0.4.11-pp311-pypy311_pp73-manylinux_2_17_aarch64.manylinux2014_aarch64.whl", hash = "sha256:2dbb7dd027645ca74dfa588740e9beb8f148a19c70350eeb307448fbfd566ce5", size = 6846919, upload-time = "2025-05-21T20:55:48.767Z" },
    { url = "https://files.pythonhosted.org/packages/64/43/8b2e35585249c5a631656b7ec98f1eab28beacfe9e794cca4af6f860ef6e/pyoxigraph-0.4.11-pp311-pypy311_pp73-manylinux_2_17_x86_64.manylinux2014_x86_64.whl", hash = "sha256:9c6c3024541bd3dd03a5c838ce2feaedbf19463232417bdbf396291c4d9d2add", size = 7247434, upload-time = "2025-05-21T20:55:51.075Z" },
    { url = "https://files.pythonhosted.org/packages/f7/be/5cd5fc4b88f5cb4795b59fea0d2c4196965d3b9292b1b3bbe5ad930ee638/pyoxigraph-0.4.11-pp39-pypy39_pp73-manylinux_2_17_aarch64.manylinux2014_aarch64.whl", hash = "sha256:0ebe04cb782cc359d8c782b1c8843accf5b8568ff942bc5cf204e9e395522c65", size = 6846797, upload-time = "2025-05-21T20:55:53.464Z" },
    { url = "https://files.pythonhosted.org/packages/1a/32/cd2b4e5b00327cd4e4ad916c63a4f505ed43480f999ac659907e3bf2a87c/pyoxigraph-0.4.11-pp39-pypy39_pp73-manylinux_2_17_x86_64.manylinux2014_x86_64.whl", hash = "sha256:ac504982b5e6d19a51a303db9ad4913889b08b2dcd2276cc832b2f0054124f50", size = 7247612, upload-time = "2025-05-21T20:55:55.52Z" },
]

[[package]]
name = "pyparsing"
version = "3.2.3"
source = { registry = "https://pypi.org/simple" }
sdist = { url = "https://files.pythonhosted.org/packages/bb/22/f1129e69d94ffff626bdb5c835506b3a5b4f3d070f17ea295e12c2c6f60f/pyparsing-3.2.3.tar.gz", hash = "sha256:b9c13f1ab8b3b542f72e28f634bad4de758ab3ce4546e4301970ad6fa77c38be", size = 1088608, upload-time = "2025-03-25T05:01:28.114Z" }
wheels = [
    { url = "https://files.pythonhosted.org/packages/05/e7/df2285f3d08fee213f2d041540fa4fc9ca6c2d44cf36d3a035bf2a8d2bcc/pyparsing-3.2.3-py3-none-any.whl", hash = "sha256:a749938e02d6fd0b59b356ca504a24982314bb090c383e3cf201c95ef7e2bfcf", size = 111120, upload-time = "2025-03-25T05:01:24.908Z" },
]

[[package]]
name = "pytqshacl"
version = "141"
source = { registry = "https://pypi.org/simple" }
sdist = { url = "https://files.pythonhosted.org/packages/f1/c2/8457bf9b69e9b9f447e09422ce3e92b1768ed38bf7d47ce8b24369d3a0b2/pytqshacl-141.tar.gz", hash = "sha256:584b566c9631a16380a118891d951240323117ba6fb02bac096eb645408d50aa", size = 15563366, upload-time = "2025-08-07T15:40:35.299Z" }
wheels = [
    { url = "https://files.pythonhosted.org/packages/f4/e1/0141feeadca7587684fdb1e181d57e4fed322eff8689944f374f5aab274f/pytqshacl-141-py2.py3-none-any.whl", hash = "sha256:1a95c8ccb7b38c0a33c39c34307558ebb5f66416807f5591436035885209c7f1", size = 15569867, upload-time = "2025-08-07T15:40:32.758Z" },
]

[[package]]
name = "rdflib"
version = "7.1.4"
source = { registry = "https://pypi.org/simple" }
dependencies = [
    { name = "isodate", marker = "python_full_version < '3.11'" },
    { name = "pyparsing" },
]
sdist = { url = "https://files.pythonhosted.org/packages/e8/7e/cb2d74466bd8495051ebe2d241b1cb1d4acf9740d481126aef19ef2697f5/rdflib-7.1.4.tar.gz", hash = "sha256:fed46e24f26a788e2ab8e445f7077f00edcf95abb73bcef4b86cefa8b62dd174", size = 4692745, upload-time = "2025-03-29T02:23:02.386Z" }
wheels = [
    { url = "https://files.pythonhosted.org/packages/f4/31/e9b6f04288dcd3fa60cb3179260d6dad81b92aef3063d679ac7d80a827ea/rdflib-7.1.4-py3-none-any.whl", hash = "sha256:72f4adb1990fa5241abd22ddaf36d7cafa5d91d9ff2ba13f3086d339b213d997", size = 565051, upload-time = "2025-03-29T02:22:44.987Z" },
]
