version = 1
revision = 3
requires-python = ">=3.13"

[[package]]
name = "anyio"
version = "4.10.0"
source = { registry = "https://pypi.org/simple" }
dependencies = [
    { name = "idna" },
    { name = "sniffio" },
]
sdist = { url = "https://files.pythonhosted.org/packages/f1/b4/636b3b65173d3ce9a38ef5f0522789614e590dab6a8d505340a4efe4c567/anyio-4.10.0.tar.gz", hash = "sha256:3f3fae35c96039744587aa5b8371e7e8e603c0702999535961dd336026973ba6", size = 213252, upload-time = "2025-08-04T08:54:26.451Z" }
wheels = [
    { url = "https://files.pythonhosted.org/packages/6f/12/e5e0282d673bb9746bacfb6e2dba8719989d3660cdb2ea79aee9a9651afb/anyio-4.10.0-py3-none-any.whl", hash = "sha256:60e474ac86736bbfd6f210f7a61218939c318f43f9972497381f1c5e930ed3d1", size = 107213, upload-time = "2025-08-04T08:54:24.882Z" },
]

[[package]]
name = "certifi"
version = "2025.8.3"
source = { registry = "https://pypi.org/simple" }
sdist = { url = "https://files.pythonhosted.org/packages/dc/67/960ebe6bf230a96cda2e0abcf73af550ec4f090005363542f0765df162e0/certifi-2025.8.3.tar.gz", hash = "sha256:e564105f78ded564e3ae7c923924435e1daa7463faeab5bb932bc53ffae63407", size = 162386, upload-time = "2025-08-03T03:07:47.08Z" }
wheels = [
    { url = "https://files.pythonhosted.org/packages/e5/48/1549795ba7742c948d2ad169c1c8cdbae65bc450d6cd753d124b17c8cd32/certifi-2025.8.3-py3-none-any.whl", hash = "sha256:f6c12493cfb1b06ba2ff328595af9350c65d6644968e5d3a2ffd78699af217a5", size = 161216, upload-time = "2025-08-03T03:07:45.777Z" },
]

[[package]]
name = "cffi"
version = "1.17.1"
source = { registry = "https://pypi.org/simple" }
dependencies = [
    { name = "pycparser" },
]
sdist = { url = "https://files.pythonhosted.org/packages/fc/97/c783634659c2920c3fc70419e3af40972dbaf758daa229a7d6ea6135c90d/cffi-1.17.1.tar.gz", hash = "sha256:1c39c6016c32bc48dd54561950ebd6836e1670f2ae46128f67cf49e789c52824", size = 516621, upload-time = "2024-09-04T20:45:21.852Z" }
wheels = [
    { url = "https://files.pythonhosted.org/packages/8d/f8/dd6c246b148639254dad4d6803eb6a54e8c85c6e11ec9df2cffa87571dbe/cffi-1.17.1-cp313-cp313-macosx_10_13_x86_64.whl", hash = "sha256:f3a2b4222ce6b60e2e8b337bb9596923045681d71e5a082783484d845390938e", size = 182989, upload-time = "2024-09-04T20:44:28.956Z" },
    { url = "https://files.pythonhosted.org/packages/8b/f1/672d303ddf17c24fc83afd712316fda78dc6fce1cd53011b839483e1ecc8/cffi-1.17.1-cp313-cp313-macosx_11_0_arm64.whl", hash = "sha256:0984a4925a435b1da406122d4d7968dd861c1385afe3b45ba82b750f229811e2", size = 178802, upload-time = "2024-09-04T20:44:30.289Z" },
    { url = "https://files.pythonhosted.org/packages/0e/2d/eab2e858a91fdff70533cab61dcff4a1f55ec60425832ddfdc9cd36bc8af/cffi-1.17.1-cp313-cp313-manylinux_2_12_i686.manylinux2010_i686.manylinux_2_17_i686.manylinux2014_i686.whl", hash = "sha256:d01b12eeeb4427d3110de311e1774046ad344f5b1a7403101878976ecd7a10f3", size = 454792, upload-time = "2024-09-04T20:44:32.01Z" },
    { url = "https://files.pythonhosted.org/packages/75/b2/fbaec7c4455c604e29388d55599b99ebcc250a60050610fadde58932b7ee/cffi-1.17.1-cp313-cp313-manylinux_2_17_aarch64.manylinux2014_aarch64.whl", hash = "sha256:706510fe141c86a69c8ddc029c7910003a17353970cff3b904ff0686a5927683", size = 478893, upload-time = "2024-09-04T20:44:33.606Z" },
    { url = "https://files.pythonhosted.org/packages/4f/b7/6e4a2162178bf1935c336d4da8a9352cccab4d3a5d7914065490f08c0690/cffi-1.17.1-cp313-cp313-manylinux_2_17_ppc64le.manylinux2014_ppc64le.whl", hash = "sha256:de55b766c7aa2e2a3092c51e0483d700341182f08e67c63630d5b6f200bb28e5", size = 485810, upload-time = "2024-09-04T20:44:35.191Z" },
    { url = "https://files.pythonhosted.org/packages/c7/8a/1d0e4a9c26e54746dc08c2c6c037889124d4f59dffd853a659fa545f1b40/cffi-1.17.1-cp313-cp313-manylinux_2_17_s390x.manylinux2014_s390x.whl", hash = "sha256:c59d6e989d07460165cc5ad3c61f9fd8f1b4796eacbd81cee78957842b834af4", size = 471200, upload-time = "2024-09-04T20:44:36.743Z" },
    { url = "https://files.pythonhosted.org/packages/26/9f/1aab65a6c0db35f43c4d1b4f580e8df53914310afc10ae0397d29d697af4/cffi-1.17.1-cp313-cp313-manylinux_2_17_x86_64.manylinux2014_x86_64.whl", hash = "sha256:dd398dbc6773384a17fe0d3e7eeb8d1a21c2200473ee6806bb5e6a8e62bb73dd", size = 479447, upload-time = "2024-09-04T20:44:38.492Z" },
    { url = "https://files.pythonhosted.org/packages/5f/e4/fb8b3dd8dc0e98edf1135ff067ae070bb32ef9d509d6cb0f538cd6f7483f/cffi-1.17.1-cp313-cp313-musllinux_1_1_aarch64.whl", hash = "sha256:3edc8d958eb099c634dace3c7e16560ae474aa3803a5df240542b305d14e14ed", size = 484358, upload-time = "2024-09-04T20:44:40.046Z" },
    { url = "https://files.pythonhosted.org/packages/f1/47/d7145bf2dc04684935d57d67dff9d6d795b2ba2796806bb109864be3a151/cffi-1.17.1-cp313-cp313-musllinux_1_1_x86_64.whl", hash = "sha256:72e72408cad3d5419375fc87d289076ee319835bdfa2caad331e377589aebba9", size = 488469, upload-time = "2024-09-04T20:44:41.616Z" },
    { url = "https://files.pythonhosted.org/packages/bf/ee/f94057fa6426481d663b88637a9a10e859e492c73d0384514a17d78ee205/cffi-1.17.1-cp313-cp313-win32.whl", hash = "sha256:e03eab0a8677fa80d646b5ddece1cbeaf556c313dcfac435ba11f107ba117b5d", size = 172475, upload-time = "2024-09-04T20:44:43.733Z" },
    { url = "https://files.pythonhosted.org/packages/7c/fc/6a8cb64e5f0324877d503c854da15d76c1e50eb722e320b15345c4d0c6de/cffi-1.17.1-cp313-cp313-win_amd64.whl", hash = "sha256:f6a16c31041f09ead72d69f583767292f750d24913dadacf5756b966aacb3f1a", size = 182009, upload-time = "2024-09-04T20:44:45.309Z" },
]

[[package]]
name = "h11"
version = "0.16.0"
source = { registry = "https://pypi.org/simple" }
sdist = { url = "https://files.pythonhosted.org/packages/01/ee/02a2c011bdab74c6fb3c75474d40b3052059d95df7e73351460c8588d963/h11-0.16.0.tar.gz", hash = "sha256:4e35b956cf45792e4caa5885e69fba00bdbc6ffafbfa020300e549b208ee5ff1", size = 101250, upload-time = "2025-04-24T03:35:25.427Z" }
wheels = [
    { url = "https://files.pythonhosted.org/packages/04/4b/29cac41a4d98d144bf5f6d33995617b185d14b22401f75ca86f384e87ff1/h11-0.16.0-py3-none-any.whl", hash = "sha256:63cf8bbe7522de3bf65932fda1d9c2772064ffb3dae62d55932da54b31cb6c86", size = 37515, upload-time = "2025-04-24T03:35:24.344Z" },
]

[[package]]
name = "h2"
version = "4.2.0"
source = { registry = "https://pypi.org/simple" }
dependencies = [
    { name = "hpack" },
    { name = "hyperframe" },
]
sdist = { url = "https://files.pythonhosted.org/packages/1b/38/d7f80fd13e6582fb8e0df8c9a653dcc02b03ca34f4d72f34869298c5baf8/h2-4.2.0.tar.gz", hash = "sha256:c8a52129695e88b1a0578d8d2cc6842bbd79128ac685463b887ee278126ad01f", size = 2150682, upload-time = "2025-02-02T07:43:51.815Z" }
wheels = [
    { url = "https://files.pythonhosted.org/packages/d0/9e/984486f2d0a0bd2b024bf4bc1c62688fcafa9e61991f041fb0e2def4a982/h2-4.2.0-py3-none-any.whl", hash = "sha256:479a53ad425bb29af087f3458a61d30780bc818e4ebcf01f0b536ba916462ed0", size = 60957, upload-time = "2025-02-01T11:02:26.481Z" },
]

[[package]]
name = "hpack"
version = "4.1.0"
source = { registry = "https://pypi.org/simple" }
sdist = { url = "https://files.pythonhosted.org/packages/2c/48/71de9ed269fdae9c8057e5a4c0aa7402e8bb16f2c6e90b3aa53327b113f8/hpack-4.1.0.tar.gz", hash = "sha256:ec5eca154f7056aa06f196a557655c5b009b382873ac8d1e66e79e87535f1dca", size = 51276, upload-time = "2025-01-22T21:44:58.347Z" }
wheels = [
    { url = "https://files.pythonhosted.org/packages/07/c6/80c95b1b2b94682a72cbdbfb85b81ae2daffa4291fbfa1b1464502ede10d/hpack-4.1.0-py3-none-any.whl", hash = "sha256:157ac792668d995c657d93111f46b4535ed114f0c9c8d672271bbec7eae1b496", size = 34357, upload-time = "2025-01-22T21:44:56.92Z" },
]

[[package]]
name = "httpcore"
version = "1.0.9"
source = { registry = "https://pypi.org/simple" }
dependencies = [
    { name = "certifi" },
    { name = "h11" },
]
sdist = { url = "https://files.pythonhosted.org/packages/06/94/82699a10bca87a5556c9c59b5963f2d039dbd239f25bc2a63907a05a14cb/httpcore-1.0.9.tar.gz", hash = "sha256:6e34463af53fd2ab5d807f399a9b45ea31c3dfa2276f15a2c3f00afff6e176e8", size = 85484, upload-time = "2025-04-24T22:06:22.219Z" }
wheels = [
    { url = "https://files.pythonhosted.org/packages/7e/f5/f66802a942d491edb555dd61e3a9961140fd64c90bce1eafd741609d334d/httpcore-1.0.9-py3-none-any.whl", hash = "sha256:2d400746a40668fc9dec9810239072b40b4484b640a8c38fd654a024c7a1bf55", size = 78784, upload-time = "2025-04-24T22:06:20.566Z" },
]

[[package]]
name = "httpx"
version = "0.28.1"
source = { registry = "https://pypi.org/simple" }
dependencies = [
    { name = "anyio" },
    { name = "certifi" },
    { name = "httpcore" },
    { name = "idna" },
]
sdist = { url = "https://files.pythonhosted.org/packages/b1/df/48c586a5fe32a0f01324ee087459e112ebb7224f646c0b5023f5e79e9956/httpx-0.28.1.tar.gz", hash = "sha256:75e98c5f16b0f35b567856f597f06ff2270a374470a5c2392242528e3e3e42fc", size = 141406, upload-time = "2024-12-06T15:37:23.222Z" }
wheels = [
    { url = "https://files.pythonhosted.org/packages/2a/39/e50c7c3a983047577ee07d2a9e53faf5a69493943ec3f6a384bdc792deb2/httpx-0.28.1-py3-none-any.whl", hash = "sha256:d909fcccc110f8c7faf814ca82a9a4d816bc5a6dbfea25d6591d6985b8ba59ad", size = 73517, upload-time = "2024-12-06T15:37:21.509Z" },
]

[package.optional-dependencies]
http2 = [
    { name = "h2" },
]

[[package]]
name = "hyperframe"
version = "6.1.0"
source = { registry = "https://pypi.org/simple" }
sdist = { url = "https://files.pythonhosted.org/packages/02/e7/94f8232d4a74cc99514c13a9f995811485a6903d48e5d952771ef6322e30/hyperframe-6.1.0.tar.gz", hash = "sha256:f630908a00854a7adeabd6382b43923a4c4cd4b821fcb527e6ab9e15382a3b08", size = 26566, upload-time = "2025-01-22T21:41:49.302Z" }
wheels = [
    { url = "https://files.pythonhosted.org/packages/48/30/47d0bf6072f7252e6521f3447ccfa40b421b6824517f82854703d0f5a98b/hyperframe-6.1.0-py3-none-any.whl", hash = "sha256:b03380493a519fce58ea5af42e4a42317bf9bd425596f7a0835ffce80f1a42e5", size = 13007, upload-time = "2025-01-22T21:41:47.295Z" },
]

[[package]]
name = "idna"
version = "3.10"
source = { registry = "https://pypi.org/simple" }
sdist = { url = "https://files.pythonhosted.org/packages/f1/70/7703c29685631f5a7590aa73f1f1d3fa9a380e654b86af429e0934a32f7d/idna-3.10.tar.gz", hash = "sha256:12f65c9b470abda6dc35cf8e63cc574b1c52b11df2c86030af0ac09b01b13ea9", size = 190490, upload-time = "2024-09-15T18:07:39.745Z" }
wheels = [
    { url = "https://files.pythonhosted.org/packages/76/c6/c88e154df9c4e1a2a66ccf0005a88dfb2650c1dffb6f5ce603dfbd452ce3/idna-3.10-py3-none-any.whl", hash = "sha256:946d195a0d259cbba61165e88e65941f16e9b36ea6ddb97f00452bae8b1287d3", size = 70442, upload-time = "2024-09-15T18:07:37.964Z" },
]

[[package]]
name = "pycparser"
version = "2.22"
source = { registry = "https://pypi.org/simple" }
sdist = { url = "https://files.pythonhosted.org/packages/1d/b2/31537cf4b1ca988837256c910a668b553fceb8f069bedc4b1c826024b52c/pycparser-2.22.tar.gz", hash = "sha256:491c8be9c040f5390f5bf44a5b07752bd07f56edf992381b05c701439eec10f6", size = 172736, upload-time = "2024-03-30T13:22:22.564Z" }
wheels = [
    { url = "https://files.pythonhosted.org/packages/13/a3/a812df4e2dd5696d1f351d58b8fe16a405b234ad2886a0dab9183fb78109/pycparser-2.22-py3-none-any.whl", hash = "sha256:c3702b6d3dd8c7abc1afa565d7e63d53a1d0bd86cdc24edd75470f4de499cfcc", size = 117552, upload-time = "2024-03-30T13:22:20.476Z" },
]

[[package]]
name = "pymotego"
version = "0.1.1"
source = { editable = "." }
dependencies = [
    { name = "httpx", extra = ["http2"] },
    { name = "pyzmq" },
]

[package.metadata]
requires-dist = [
    { name = "httpx", extras = ["http2"], specifier = ">=0.28.1" },
    { name = "pyzmq", specifier = ">=27.0.1" },
]

[[package]]
name = "pyzmq"
version = "27.0.1"
source = { registry = "https://pypi.org/simple" }
dependencies = [
    { name = "cffi", marker = "implementation_name == 'pypy'" },
]
sdist = { url = "https://files.pythonhosted.org/packages/30/5f/557d2032a2f471edbcc227da724c24a1c05887b5cda1e3ae53af98b9e0a5/pyzmq-27.0.1.tar.gz", hash = "sha256:45c549204bc20e7484ffd2555f6cf02e572440ecf2f3bdd60d4404b20fddf64b", size = 281158, upload-time = "2025-08-03T05:05:40.352Z" }
wheels = [
    { url = "https://files.pythonhosted.org/packages/0e/9b/c0957041067c7724b310f22c398be46399297c12ed834c3bc42200a2756f/pyzmq-27.0.1-cp312-abi3-macosx_10_15_universal2.whl", hash = "sha256:af7ebce2a1e7caf30c0bb64a845f63a69e76a2fadbc1cac47178f7bb6e657bdd", size = 1305432, upload-time = "2025-08-03T05:03:32.177Z" },
    { url = "https://files.pythonhosted.org/packages/8e/55/bd3a312790858f16b7def3897a0c3eb1804e974711bf7b9dcb5f47e7f82c/pyzmq-27.0.1-cp312-abi3-manylinux2014_i686.manylinux_2_17_i686.whl", hash = "sha256:8f617f60a8b609a13099b313e7e525e67f84ef4524b6acad396d9ff153f6e4cd", size = 895095, upload-time = "2025-08-03T05:03:33.918Z" },
    { url = "https://files.pythonhosted.org/packages/20/50/fc384631d8282809fb1029a4460d2fe90fa0370a0e866a8318ed75c8d3bb/pyzmq-27.0.1-cp312-abi3-manylinux_2_26_aarch64.manylinux_2_28_aarch64.whl", hash = "sha256:1d59dad4173dc2a111f03e59315c7bd6e73da1a9d20a84a25cf08325b0582b1a", size = 651826, upload-time = "2025-08-03T05:03:35.818Z" },
    { url = "https://files.pythonhosted.org/packages/7e/0a/2356305c423a975000867de56888b79e44ec2192c690ff93c3109fd78081/pyzmq-27.0.1-cp312-abi3-manylinux_2_26_x86_64.manylinux_2_28_x86_64.whl", hash = "sha256:f5b6133c8d313bde8bd0d123c169d22525300ff164c2189f849de495e1344577", size = 839751, upload-time = "2025-08-03T05:03:37.265Z" },
    { url = "https://files.pythonhosted.org/packages/d7/1b/81e95ad256ca7e7ccd47f5294c1c6da6e2b64fbace65b84fe8a41470342e/pyzmq-27.0.1-cp312-abi3-musllinux_1_2_aarch64.whl", hash = "sha256:58cca552567423f04d06a075f4b473e78ab5bdb906febe56bf4797633f54aa4e", size = 1641359, upload-time = "2025-08-03T05:03:38.799Z" },
    { url = "https://files.pythonhosted.org/packages/50/63/9f50ec965285f4e92c265c8f18344e46b12803666d8b73b65d254d441435/pyzmq-27.0.1-cp312-abi3-musllinux_1_2_i686.whl", hash = "sha256:4b9d8e26fb600d0d69cc9933e20af08552e97cc868a183d38a5c0d661e40dfbb", size = 2020281, upload-time = "2025-08-03T05:03:40.338Z" },
    { url = "https://files.pythonhosted.org/packages/02/4a/19e3398d0dc66ad2b463e4afa1fc541d697d7bc090305f9dfb948d3dfa29/pyzmq-27.0.1-cp312-abi3-musllinux_1_2_x86_64.whl", hash = "sha256:2329f0c87f0466dce45bba32b63f47018dda5ca40a0085cc5c8558fea7d9fc55", size = 1877112, upload-time = "2025-08-03T05:03:42.012Z" },
    { url = "https://files.pythonhosted.org/packages/bf/42/c562e9151aa90ed1d70aac381ea22a929d6b3a2ce4e1d6e2e135d34fd9c6/pyzmq-27.0.1-cp312-abi3-win32.whl", hash = "sha256:57bb92abdb48467b89c2d21da1ab01a07d0745e536d62afd2e30d5acbd0092eb", size = 558177, upload-time = "2025-08-03T05:03:43.979Z" },
    { url = "https://files.pythonhosted.org/packages/40/96/5c50a7d2d2b05b19994bf7336b97db254299353dd9b49b565bb71b485f03/pyzmq-27.0.1-cp312-abi3-win_amd64.whl", hash = "sha256:ff3f8757570e45da7a5bedaa140489846510014f7a9d5ee9301c61f3f1b8a686", size = 618923, upload-time = "2025-08-03T05:03:45.438Z" },
    { url = "https://files.pythonhosted.org/packages/13/33/1ec89c8f21c89d21a2eaff7def3676e21d8248d2675705e72554fb5a6f3f/pyzmq-27.0.1-cp312-abi3-win_arm64.whl", hash = "sha256:df2c55c958d3766bdb3e9d858b911288acec09a9aab15883f384fc7180df5bed", size = 552358, upload-time = "2025-08-03T05:03:46.887Z" },
    { url = "https://files.pythonhosted.org/packages/6c/a0/f26e276211ec8090a4d11e4ec70eb8a8b15781e591c1d44ce62f372963a0/pyzmq-27.0.1-cp313-cp313-android_24_arm64_v8a.whl", hash = "sha256:497bd8af534ae55dc4ef67eebd1c149ff2a0b0f1e146db73c8b5a53d83c1a5f5", size = 1122287, upload-time = "2025-08-03T05:03:48.838Z" },
    { url = "https://files.pythonhosted.org/packages/9c/d8/af4b507e4f7eeea478cc8ee873995a6fd55582bfb99140593ed460e1db3c/pyzmq-27.0.1-cp313-cp313-android_24_x86_64.whl", hash = "sha256:a066ea6ad6218b4c233906adf0ae67830f451ed238419c0db609310dd781fbe7", size = 1155756, upload-time = "2025-08-03T05:03:50.907Z" },
    { url = "https://files.pythonhosted.org/packages/ac/55/37fae0013e11f88681da42698e550b08a316d608242551f65095cc99232a/pyzmq-27.0.1-cp313-cp313t-macosx_10_15_universal2.whl", hash = "sha256:72d235d6365ca73d8ce92f7425065d70f5c1e19baa458eb3f0d570e425b73a96", size = 1340826, upload-time = "2025-08-03T05:03:52.568Z" },
    { url = "https://files.pythonhosted.org/packages/f2/e4/3a87854c64b26fcf63a9d1b6f4382bd727d4797c772ceb334a97b7489be9/pyzmq-27.0.1-cp313-cp313t-manylinux2014_i686.manylinux_2_17_i686.whl", hash = "sha256:313a7b374e3dc64848644ca348a51004b41726f768b02e17e689f1322366a4d9", size = 897283, upload-time = "2025-08-03T05:03:54.167Z" },
    { url = "https://files.pythonhosted.org/packages/17/3e/4296c6b0ad2d07be11ae1395dccf9cae48a0a655cf9be1c3733ad2b591d1/pyzmq-27.0.1-cp313-cp313t-manylinux_2_26_aarch64.manylinux_2_28_aarch64.whl", hash = "sha256:119ce8590409702394f959c159d048002cbed2f3c0645ec9d6a88087fc70f0f1", size = 660565, upload-time = "2025-08-03T05:03:56.152Z" },
    { url = "https://files.pythonhosted.org/packages/72/41/a33ba3aa48b45b23c4cd4ac49aafde46f3e0f81939f2bfb3b6171a437122/pyzmq-27.0.1-cp313-cp313t-manylinux_2_26_x86_64.manylinux_2_28_x86_64.whl", hash = "sha256:45c3e00ce16896ace2cd770ab9057a7cf97d4613ea5f2a13f815141d8b6894b9", size = 847680, upload-time = "2025-08-03T05:03:57.696Z" },
    { url = "https://files.pythonhosted.org/packages/3f/8c/bf2350bb25b3b58d2e5b5d2290ffab0e923f0cc6d02288d3fbf4baa6e4d1/pyzmq-27.0.1-cp313-cp313t-musllinux_1_2_aarch64.whl", hash = "sha256:678e50ec112bdc6df5a83ac259a55a4ba97a8b314c325ab26b3b5b071151bc61", size = 1650151, upload-time = "2025-08-03T05:03:59.387Z" },
    { url = "https://files.pythonhosted.org/packages/f7/1a/a5a07c54890891344a8ddc3d5ab320dd3c4e39febb6e4472546e456d5157/pyzmq-27.0.1-cp313-cp313t-musllinux_1_2_i686.whl", hash = "sha256:d0b96c30be9f9387b18b18b6133c75a7b1b0065da64e150fe1feb5ebf31ece1c", size = 2023766, upload-time = "2025-08-03T05:04:01.883Z" },
    { url = "https://files.pythonhosted.org/packages/62/5e/514dcff08f02c6c8a45a6e23621901139cf853be7ac5ccd0b9407c3aa3de/pyzmq-27.0.1-cp313-cp313t-musllinux_1_2_x86_64.whl", hash = "sha256:88dc92d9eb5ea4968123e74db146d770b0c8d48f0e2bfb1dbc6c50a8edb12d64", size = 1885195, upload-time = "2025-08-03T05:04:03.923Z" },
    { url = "https://files.pythonhosted.org/packages/c8/91/87f74f98a487fbef0b115f6025e4a295129fd56b2b633a03ba7d5816ecc2/pyzmq-27.0.1-cp313-cp313t-win32.whl", hash = "sha256:6dcbcb34f5c9b0cefdfc71ff745459241b7d3cda5b27c7ad69d45afc0821d1e1", size = 574213, upload-time = "2025-08-03T05:04:05.905Z" },
    { url = "https://files.pythonhosted.org/packages/e6/d7/07f7d0d7f4c81e08be7b60e52ff2591c557377c017f96204d33d5fca1b07/pyzmq-27.0.1-cp313-cp313t-win_amd64.whl", hash = "sha256:b9fd0fda730461f510cfd9a40fafa5355d65f5e3dbdd8d6dfa342b5b3f5d1949", size = 640202, upload-time = "2025-08-03T05:04:07.439Z" },
    { url = "https://files.pythonhosted.org/packages/ab/83/21d66bcef6fb803647a223cbde95111b099e2176277c0cbc8b099c485510/pyzmq-27.0.1-cp313-cp313t-win_arm64.whl", hash = "sha256:56a3b1853f3954ec1f0e91085f1350cc57d18f11205e4ab6e83e4b7c414120e0", size = 561514, upload-time = "2025-08-03T05:04:09.071Z" },
    { url = "https://files.pythonhosted.org/packages/5a/0b/d5ea75cf46b52cdce85a85200c963cb498932953df443892238be49b1a01/pyzmq-27.0.1-cp314-cp314t-macosx_10_15_universal2.whl", hash = "sha256:f98f6b7787bd2beb1f0dde03f23a0621a0c978edf673b7d8f5e7bc039cbe1b60", size = 1340836, upload-time = "2025-08-03T05:04:10.774Z" },
    { url = "https://files.pythonhosted.org/packages/be/4c/0dbce882550e17db6846b29e9dc242aea7590e7594e1ca5043e8e58fff2d/pyzmq-27.0.1-cp314-cp314t-manylinux2014_i686.manylinux_2_17_i686.whl", hash = "sha256:351bf5d8ca0788ca85327fda45843b6927593ff4c807faee368cc5aaf9f809c2", size = 897236, upload-time = "2025-08-03T05:04:13.221Z" },
    { url = "https://files.pythonhosted.org/packages/1b/22/461e131cf16b8814f3c356fa1ea0912697dbc4c64cddf01f7756ec704c1e/pyzmq-27.0.1-cp314-cp314t-manylinux_2_26_aarch64.manylinux_2_28_aarch64.whl", hash = "sha256:5268a5a9177afff53dc6d70dffe63114ba2a6e7b20d9411cc3adeba09eeda403", size = 660374, upload-time = "2025-08-03T05:04:15.032Z" },
    { url = "https://files.pythonhosted.org/packages/3f/0c/bbd65a814395bf4fc3e57c6c13af27601c07e4009bdfb75ebcf500537bbd/pyzmq-27.0.1-cp314-cp314t-manylinux_2_26_x86_64.manylinux_2_28_x86_64.whl", hash = "sha256:a4aca06ba295aa78bec9b33ec028d1ca08744c36294338c41432b7171060c808", size = 847497, upload-time = "2025-08-03T05:04:16.967Z" },
    { url = "https://files.pythonhosted.org/packages/1e/df/3d1f4a03b561d824cbd491394f67591957e2f1acf6dc85d96f970312a76a/pyzmq-27.0.1-cp314-cp314t-musllinux_1_2_aarch64.whl", hash = "sha256:1c363c6dc66352331d5ad64bb838765c6692766334a6a02fdb05e76bd408ae18", size = 1650028, upload-time = "2025-08-03T05:04:19.398Z" },
    { url = "https://files.pythonhosted.org/packages/41/c9/a3987540f59a412bdaae3f362f78e00e6769557a598c63b7e32956aade5a/pyzmq-27.0.1-cp314-cp314t-musllinux_1_2_i686.whl", hash = "sha256:87aebf4acd7249bdff8d3df03aed4f09e67078e6762cfe0aecf8d0748ff94cde", size = 2023808, upload-time = "2025-08-03T05:04:21.145Z" },
    { url = "https://files.pythonhosted.org/packages/b0/a5/c388f4cd80498a8eaef7535f2a8eaca0a35b82b87a0b47fa1856fc135004/pyzmq-27.0.1-cp314-cp314t-musllinux_1_2_x86_64.whl", hash = "sha256:e4f22d67756518d71901edf73b38dc0eb4765cce22c8fe122cc81748d425262b", size = 1884970, upload-time = "2025-08-03T05:04:22.908Z" },
    { url = "https://files.pythonhosted.org/packages/9a/ac/b2a89a1ed90526a1b9a260cdc5cd42f055fd44ee8d2a59902b5ac35ddeb1/pyzmq-27.0.1-cp314-cp314t-win32.whl", hash = "sha256:8c62297bc7aea2147b472ca5ca2b4389377ad82898c87cabab2a94aedd75e337", size = 586905, upload-time = "2025-08-03T05:04:24.492Z" },
    { url = "https://files.pythonhosted.org/packages/68/62/7aa5ea04e836f7a788b2a67405f83011cef59ca76d7bac91d1fc9a0476da/pyzmq-27.0.1-cp314-cp314t-win_amd64.whl", hash = "sha256:bee5248d5ec9223545f8cc4f368c2d571477ae828c99409125c3911511d98245", size = 660503, upload-time = "2025-08-03T05:04:26.382Z" },
    { url = "https://files.pythonhosted.org/packages/89/32/3836ed85947b06f1d67c07ce16c00b0cf8c053ab0b249d234f9f81ff95ff/pyzmq-27.0.1-cp314-cp314t-win_arm64.whl", hash = "sha256:0fc24bf45e4a454e55ef99d7f5c8b8712539200ce98533af25a5bfa954b6b390", size = 575098, upload-time = "2025-08-03T05:04:27.974Z" },
]

[[package]]
name = "sniffio"
version = "1.3.1"
source = { registry = "https://pypi.org/simple" }
sdist = { url = "https://files.pythonhosted.org/packages/a2/87/a6771e1546d97e7e041b6ae58d80074f81b7d5121207425c964ddf5cfdbd/sniffio-1.3.1.tar.gz", hash = "sha256:f4324edc670a0f49750a81b895f35c3adb843cca46f0530f79fc1babb23789dc", size = 20372, upload-time = "2024-02-25T23:20:04.057Z" }
wheels = [
    { url = "https://files.pythonhosted.org/packages/e9/44/75a9c9421471a6c4805dbf2356f7c181a29c1879239abab1ea2cc8f38b40/sniffio-1.3.1-py3-none-any.whl", hash = "sha256:2f6da418d1f1e0fddd844478f41680e794e6051915791a034ff65e5f100525a2", size = 10235, upload-time = "2024-02-25T23:20:01.196Z" },
]
