version = 1
revision = 2
requires-python = ">=3.11, <4"

[[package]]
name = "babel"
version = "2.15.0"
source = { registry = "https://pypi.org/simple" }
sdist = { url = "https://files.pythonhosted.org/packages/15/d2/9671b93d623300f0aef82cde40e25357f11330bdde91743891b22a555bed/babel-2.15.0.tar.gz", hash = "sha256:8daf0e265d05768bc6c7a314cf1321e9a123afc328cc635c18622a2f30a04413", size = 9390000, upload-time = "2024-05-05T13:54:45.003Z" }
wheels = [
    { url = "https://files.pythonhosted.org/packages/27/45/377f7e32a5c93d94cd56542349b34efab5ca3f9e2fd5a68c5e93169aa32d/Babel-2.15.0-py3-none-any.whl", hash = "sha256:08706bdad8d0a3413266ab61bd6c34d0c28d6e1e7badf40a2cebe67644e2e1fb", size = 9634913, upload-time = "2024-05-05T13:54:41.446Z" },
]

[[package]]
name = "mypy"
version = "1.10.0"
source = { registry = "https://pypi.org/simple" }
dependencies = [
    { name = "mypy-extensions" },
    { name = "typing-extensions" },
]
sdist = { url = "https://files.pythonhosted.org/packages/c3/b6/297734bb9f20ddf5e831cf4a83f422ddef5a29a33463999f0959d9cdc2df/mypy-1.10.0.tar.gz", hash = "sha256:3d087fcbec056c4ee34974da493a826ce316947485cef3901f511848e687c131", size = 3022145, upload-time = "2024-04-24T13:53:30.447Z" }
wheels = [
    { url = "https://files.pythonhosted.org/packages/86/ec/64ffed9ea554845ff846bd1f6fc7b07ab507be1d2e1b0d58790d7ac2ca4c/mypy-1.10.0-cp311-cp311-macosx_10_9_x86_64.whl", hash = "sha256:3be66771aa5c97602f382230165b856c231d1277c511c9a8dd058be4784472e1", size = 10739848, upload-time = "2024-04-24T13:52:58.596Z" },
    { url = "https://files.pythonhosted.org/packages/03/ac/f4fcb9d7a349953be5f4e78157a48b5110343a0e5228f77b3f7d1a1b8479/mypy-1.10.0-cp311-cp311-macosx_11_0_arm64.whl", hash = "sha256:8b2cbaca148d0754a54d44121b5825ae71868c7592a53b7292eeb0f3fdae95ee", size = 9902362, upload-time = "2024-04-24T13:52:38.397Z" },
    { url = "https://files.pythonhosted.org/packages/7e/36/ca2b82d89828f484f1a068d9e25c08840c4cc6f6549e7ea755f4391e351f/mypy-1.10.0-cp311-cp311-manylinux_2_17_x86_64.manylinux2014_x86_64.whl", hash = "sha256:1ec404a7cbe9fc0e92cb0e67f55ce0c025014e26d33e54d9e506a0f2d07fe5de", size = 12603712, upload-time = "2024-04-24T13:52:43.838Z" },
    { url = "https://files.pythonhosted.org/packages/b5/7a/54edb45a41de3bc66e5c3d2b7512a392b3f0f8b9c3d9465b9a2456b6a115/mypy-1.10.0-cp311-cp311-musllinux_1_1_x86_64.whl", hash = "sha256:e22e1527dc3d4aa94311d246b59e47f6455b8729f4968765ac1eacf9a4760bc7", size = 12676904, upload-time = "2024-04-24T13:53:16.518Z" },
    { url = "https://files.pythonhosted.org/packages/39/a5/e5aad5567ace09fcb179fbc3047cc2a6173743d84447b1ff71413e1a9881/mypy-1.10.0-cp311-cp311-win_amd64.whl", hash = "sha256:a87dbfa85971e8d59c9cc1fcf534efe664d8949e4c0b6b44e8ca548e746a8d53", size = 9355997, upload-time = "2024-04-24T13:53:25.379Z" },
    { url = "https://files.pythonhosted.org/packages/30/30/6da95275426cfd21fc0c2e96d85a45d35fc4f7d37bd3286fa49f8f465447/mypy-1.10.0-cp312-cp312-macosx_10_9_x86_64.whl", hash = "sha256:a781f6ad4bab20eef8b65174a57e5203f4be627b46291f4589879bf4e257b97b", size = 10867123, upload-time = "2024-04-24T13:53:13.417Z" },
    { url = "https://files.pythonhosted.org/packages/8c/d3/61cf1fae3b79d264f9f27de97e6e8fab8a37c85fdada5a46b6de333319f8/mypy-1.10.0-cp312-cp312-macosx_11_0_arm64.whl", hash = "sha256:b808e12113505b97d9023b0b5e0c0705a90571c6feefc6f215c1df9381256e30", size = 9859921, upload-time = "2024-04-24T13:53:27.85Z" },
    { url = "https://files.pythonhosted.org/packages/08/5d/a46e5222bd69a873a896ab4f0b5948979e03dce46c7712ccaa5204ca8d02/mypy-1.10.0-cp312-cp312-manylinux_2_17_x86_64.manylinux2014_x86_64.whl", hash = "sha256:8f55583b12156c399dce2df7d16f8a5095291354f1e839c252ec6c0611e86e2e", size = 12647776, upload-time = "2024-04-24T13:52:49.635Z" },
    { url = "https://files.pythonhosted.org/packages/1d/6a/d8df60f2e48291f1a790ded56fd96421ac6a992f33c2571c0bdf0552d83a/mypy-1.10.0-cp312-cp312-musllinux_1_1_x86_64.whl", hash = "sha256:4cf18f9d0efa1b16478c4c129eabec36148032575391095f73cae2e722fcf9d5", size = 12726191, upload-time = "2024-04-24T13:53:19.413Z" },
    { url = "https://files.pythonhosted.org/packages/5a/93/9a015720bcf484d4202ea7fc5960c328c82d5eb1578950d586339ec15084/mypy-1.10.0-cp312-cp312-win_amd64.whl", hash = "sha256:bc6ac273b23c6b82da3bb25f4136c4fd42665f17f2cd850771cb600bdd2ebeda", size = 9450377, upload-time = "2024-04-24T13:52:52.233Z" },
    { url = "https://files.pythonhosted.org/packages/e9/39/0148f7ee1b7f3a86d378a23b88cb85c432f83914ceb60364efa1769c598f/mypy-1.10.0-py3-none-any.whl", hash = "sha256:f8c083976eb530019175aabadb60921e73b4f45736760826aa1689dda8208aee", size = 2580084, upload-time = "2024-04-24T13:52:13.843Z" },
]

[[package]]
name = "mypy-extensions"
version = "1.0.0"
source = { registry = "https://pypi.org/simple" }
sdist = { url = "https://files.pythonhosted.org/packages/98/a4/1ab47638b92648243faf97a5aeb6ea83059cc3624972ab6b8d2316078d3f/mypy_extensions-1.0.0.tar.gz", hash = "sha256:75dbf8955dc00442a438fc4d0666508a9a97b6bd41aa2f0ffe9d2f2725af0782", size = 4433, upload-time = "2023-02-04T12:11:27.157Z" }
wheels = [
    { url = "https://files.pythonhosted.org/packages/2a/e2/5d3f6ada4297caebe1a2add3b126fe800c96f56dbe5d1988a2cbe0b267aa/mypy_extensions-1.0.0-py3-none-any.whl", hash = "sha256:4392f6c0eb8a5668a69e23d168ffa70f0be9ccfd32b5cc2d26a34ae5b844552d", size = 4695, upload-time = "2023-02-04T12:11:25.002Z" },
]

[[package]]
name = "nodeenv"
version = "1.9.1"
source = { registry = "https://pypi.org/simple" }
sdist = { url = "https://files.pythonhosted.org/packages/43/16/fc88b08840de0e0a72a2f9d8c6bae36be573e475a6326ae854bcc549fc45/nodeenv-1.9.1.tar.gz", hash = "sha256:6ec12890a2dab7946721edbfbcd91f3319c6ccc9aec47be7c7e6b7011ee6645f", size = 47437, upload-time = "2024-06-04T18:44:11.171Z" }
wheels = [
    { url = "https://files.pythonhosted.org/packages/d2/1d/1b658dbd2b9fa9c4c9f32accbfc0205d532c8c6194dc0f2a4c0428e7128a/nodeenv-1.9.1-py2.py3-none-any.whl", hash = "sha256:ba11c9782d29c27c70ffbdda2d7415098754709be8a7056d79a737cd901155c9", size = 22314, upload-time = "2024-06-04T18:44:08.352Z" },
]

[[package]]
name = "playsound3"
version = "3.2.4"
source = { registry = "https://pypi.org/simple" }
dependencies = [
    { name = "pywin32", marker = "sys_platform == 'win32'" },
]
sdist = { url = "https://files.pythonhosted.org/packages/9a/70/869aea3c95bfcab870590546ded1ea10718bea64dfe464155b59e6f22f5c/playsound3-3.2.4.tar.gz", hash = "sha256:a7a7f71102fd8a943379f5af29a87271511941a198641d7563b1088481a45e0d", size = 607042, upload-time = "2025-06-03T16:26:37.331Z" }
wheels = [
    { url = "https://files.pythonhosted.org/packages/23/be/f082ac78afcab67234340409c2a186c0665a836a3afab99f011e44f0995a/playsound3-3.2.4-py3-none-any.whl", hash = "sha256:71af8ad276f2d6c7e445d5e3111e15c879762dfb72681abcd419e70fbe159ffa", size = 9105, upload-time = "2025-06-03T16:26:35.299Z" },
]

[[package]]
name = "pomoglorbo"
version = "2025.8.21"
source = { editable = "." }
dependencies = [
    { name = "playsound3" },
    { name = "prompt-toolkit" },
]

[package.dev-dependencies]
dev = [
    { name = "babel" },
    { name = "pyright" },
    { name = "snakeviz" },
    { name = "yappi" },
]
test = [
    { name = "mypy" },
    { name = "ruff" },
]

[package.metadata]
requires-dist = [
    { name = "playsound3", specifier = ">=3,<4" },
    { name = "prompt-toolkit", specifier = ">=3.0,<3.1" },
]

[package.metadata.requires-dev]
dev = [
    { name = "babel", specifier = ">=2.15.0,<3" },
    { name = "pyright", specifier = ">=1.1.367,<2" },
    { name = "snakeviz", specifier = ">=2.2.0,<3" },
    { name = "yappi", specifier = ">=1.6.0,<2" },
]
test = [
    { name = "mypy", specifier = "~=1.10" },
    { name = "ruff", specifier = "==0.4.4" },
]

[[package]]
name = "prompt-toolkit"
version = "3.0.47"
source = { registry = "https://pypi.org/simple" }
dependencies = [
    { name = "wcwidth" },
]
sdist = { url = "https://files.pythonhosted.org/packages/47/6d/0279b119dafc74c1220420028d490c4399b790fc1256998666e3a341879f/prompt_toolkit-3.0.47.tar.gz", hash = "sha256:1e1b29cb58080b1e69f207c893a1a7bf16d127a5c30c9d17a25a5d77792e5360", size = 425859, upload-time = "2024-06-10T11:02:14.045Z" }
wheels = [
    { url = "https://files.pythonhosted.org/packages/e8/23/22750c4b768f09386d1c3cc4337953e8936f48a888fa6dddfb669b2c9088/prompt_toolkit-3.0.47-py3-none-any.whl", hash = "sha256:0d7bfa67001d5e39d02c224b663abc33687405033a8c422d0d675a5a13361d10", size = 386411, upload-time = "2024-06-10T11:02:10.477Z" },
]

[[package]]
name = "pyright"
version = "1.1.367"
source = { registry = "https://pypi.org/simple" }
dependencies = [
    { name = "nodeenv" },
]
sdist = { url = "https://files.pythonhosted.org/packages/3a/d9/5fd198ac1076606e7f41089fecfe8b2629d66ce825ac1295848a3e17d037/pyright-1.1.367.tar.gz", hash = "sha256:b1e5522ceb246ee6bc293a43d6d0162719d6467c1f1e9b81cee741aa11cdacbd", size = 17487, upload-time = "2024-06-12T09:47:55.398Z" }
wheels = [
    { url = "https://files.pythonhosted.org/packages/47/c2/b00d75a88236636ec8c963468966dabd495847dafae657f715e4bf2307a6/pyright-1.1.367-py3-none-any.whl", hash = "sha256:89de6502ae02f1552d0c4df4b46867887a419849f379db617695ef9308cf01eb", size = 18226, upload-time = "2024-06-12T09:47:52.741Z" },
]

[[package]]
name = "pywin32"
version = "310"
source = { registry = "https://pypi.org/simple" }
wheels = [
    { url = "https://files.pythonhosted.org/packages/f7/b1/68aa2986129fb1011dabbe95f0136f44509afaf072b12b8f815905a39f33/pywin32-310-cp311-cp311-win32.whl", hash = "sha256:1e765f9564e83011a63321bb9d27ec456a0ed90d3732c4b2e312b855365ed8bd", size = 8784284, upload-time = "2025-03-17T00:55:53.124Z" },
    { url = "https://files.pythonhosted.org/packages/b3/bd/d1592635992dd8db5bb8ace0551bc3a769de1ac8850200cfa517e72739fb/pywin32-310-cp311-cp311-win_amd64.whl", hash = "sha256:126298077a9d7c95c53823934f000599f66ec9296b09167810eb24875f32689c", size = 9520748, upload-time = "2025-03-17T00:55:55.203Z" },
    { url = "https://files.pythonhosted.org/packages/90/b1/ac8b1ffce6603849eb45a91cf126c0fa5431f186c2e768bf56889c46f51c/pywin32-310-cp311-cp311-win_arm64.whl", hash = "sha256:19ec5fc9b1d51c4350be7bb00760ffce46e6c95eaf2f0b2f1150657b1a43c582", size = 8455941, upload-time = "2025-03-17T00:55:57.048Z" },
    { url = "https://files.pythonhosted.org/packages/6b/ec/4fdbe47932f671d6e348474ea35ed94227fb5df56a7c30cbbb42cd396ed0/pywin32-310-cp312-cp312-win32.whl", hash = "sha256:8a75a5cc3893e83a108c05d82198880704c44bbaee4d06e442e471d3c9ea4f3d", size = 8796239, upload-time = "2025-03-17T00:55:58.807Z" },
    { url = "https://files.pythonhosted.org/packages/e3/e5/b0627f8bb84e06991bea89ad8153a9e50ace40b2e1195d68e9dff6b03d0f/pywin32-310-cp312-cp312-win_amd64.whl", hash = "sha256:bf5c397c9a9a19a6f62f3fb821fbf36cac08f03770056711f765ec1503972060", size = 9503839, upload-time = "2025-03-17T00:56:00.8Z" },
    { url = "https://files.pythonhosted.org/packages/1f/32/9ccf53748df72301a89713936645a664ec001abd35ecc8578beda593d37d/pywin32-310-cp312-cp312-win_arm64.whl", hash = "sha256:2349cc906eae872d0663d4d6290d13b90621eaf78964bb1578632ff20e152966", size = 8459470, upload-time = "2025-03-17T00:56:02.601Z" },
    { url = "https://files.pythonhosted.org/packages/1c/09/9c1b978ffc4ae53999e89c19c77ba882d9fce476729f23ef55211ea1c034/pywin32-310-cp313-cp313-win32.whl", hash = "sha256:5d241a659c496ada3253cd01cfaa779b048e90ce4b2b38cd44168ad555ce74ab", size = 8794384, upload-time = "2025-03-17T00:56:04.383Z" },
    { url = "https://files.pythonhosted.org/packages/45/3c/b4640f740ffebadd5d34df35fecba0e1cfef8fde9f3e594df91c28ad9b50/pywin32-310-cp313-cp313-win_amd64.whl", hash = "sha256:667827eb3a90208ddbdcc9e860c81bde63a135710e21e4cb3348968e4bd5249e", size = 9503039, upload-time = "2025-03-17T00:56:06.207Z" },
    { url = "https://files.pythonhosted.org/packages/b4/f4/f785020090fb050e7fb6d34b780f2231f302609dc964672f72bfaeb59a28/pywin32-310-cp313-cp313-win_arm64.whl", hash = "sha256:e308f831de771482b7cf692a1f308f8fca701b2d8f9dde6cc440c7da17e47b33", size = 8458152, upload-time = "2025-03-17T00:56:07.819Z" },
]

[[package]]
name = "ruff"
version = "0.4.4"
source = { registry = "https://pypi.org/simple" }
sdist = { url = "https://files.pythonhosted.org/packages/2f/2f/1e91c17c5223a37992a9302af69056966657d23f945e07039319fe006f82/ruff-0.4.4.tar.gz", hash = "sha256:f87ea42d5cdebdc6a69761a9d0bc83ae9b3b30d0ad78952005ba6568d6c022af", size = 2502630, upload-time = "2024-05-09T17:13:23.472Z" }
wheels = [
    { url = "https://files.pythonhosted.org/packages/01/6e/d4d59a457b6633b4a2b08b2efb61323299b3ad3889ce604e1e8c2d278027/ruff-0.4.4-py3-none-macosx_10_12_x86_64.whl", hash = "sha256:29d44ef5bb6a08e235c8249294fa8d431adc1426bfda99ed493119e6f9ea1bf6", size = 8429772, upload-time = "2024-05-09T17:12:23.219Z" },
    { url = "https://files.pythonhosted.org/packages/5e/04/6388dcb969cc69b365e2d024c0180a1462ce1be385b76ac126fe1bafa680/ruff-0.4.4-py3-none-macosx_11_0_arm64.whl", hash = "sha256:c4efe62b5bbb24178c950732ddd40712b878a9b96b1d02b0ff0b08a090cbd891", size = 8047765, upload-time = "2024-05-09T17:12:29.537Z" },
    { url = "https://files.pythonhosted.org/packages/ae/b8/34d5e2560d89cb43b3e27b12b11545a7557b7363cb7e8cbfdb0dac916bb3/ruff-0.4.4-py3-none-manylinux_2_17_aarch64.manylinux2014_aarch64.whl", hash = "sha256:4c8e2f1e8fc12d07ab521a9005d68a969e167b589cbcaee354cb61e9d9de9c15", size = 8080084, upload-time = "2024-05-09T17:12:32.823Z" },
    { url = "https://files.pythonhosted.org/packages/18/ee/4b7d6a7ef3ee6f67d60de67172791e8f334abd9f85a319fea9412343d0ec/ruff-0.4.4-py3-none-manylinux_2_17_armv7l.manylinux2014_armv7l.whl", hash = "sha256:60ed88b636a463214905c002fa3eaab19795679ed55529f91e488db3fe8976ab", size = 7486437, upload-time = "2024-05-09T17:12:36.335Z" },
    { url = "https://files.pythonhosted.org/packages/b2/fc/c70845aa31a7971b838b5dfa07c5df461927148d84148e9a8e59482b418d/ruff-0.4.4-py3-none-manylinux_2_17_i686.manylinux2014_i686.whl", hash = "sha256:b90fc5e170fc71c712cc4d9ab0e24ea505c6a9e4ebf346787a67e691dfb72e85", size = 8662910, upload-time = "2024-05-09T17:12:39.916Z" },
    { url = "https://files.pythonhosted.org/packages/ef/6d/0d3f7632f86f09dde0429872835d592151e22d4584ea6a5cfb8f0ade1394/ruff-0.4.4-py3-none-manylinux_2_17_ppc64.manylinux2014_ppc64.whl", hash = "sha256:8e7e6ebc10ef16dcdc77fd5557ee60647512b400e4a60bdc4849468f076f6eef", size = 9336978, upload-time = "2024-05-09T17:12:43.06Z" },
    { url = "https://files.pythonhosted.org/packages/da/9f/9203470e3e30a088446a29ccadf81cffaf603cade8f4230f62da5658b292/ruff-0.4.4-py3-none-manylinux_2_17_ppc64le.manylinux2014_ppc64le.whl", hash = "sha256:b9ddb2c494fb79fc208cd15ffe08f32b7682519e067413dbaf5f4b01a6087bcd", size = 8934555, upload-time = "2024-05-09T17:12:47.246Z" },
    { url = "https://files.pythonhosted.org/packages/30/d5/5e22d68e5f79e63ea23322bca5b04aad94d03e6dcf23f8de5a472707b500/ruff-0.4.4-py3-none-manylinux_2_17_s390x.manylinux2014_s390x.whl", hash = "sha256:c51c928a14f9f0a871082603e25a1588059b7e08a920f2f9fa7157b5bf08cfe9", size = 10084487, upload-time = "2024-05-09T17:12:51.393Z" },
    { url = "https://files.pythonhosted.org/packages/fa/13/dd0ff7a488ace95676486c9d4d0202fc15d64a6491748e2ce8876df87870/ruff-0.4.4-py3-none-manylinux_2_17_x86_64.manylinux2014_x86_64.whl", hash = "sha256:b5eb0a4bfd6400b7d07c09a7725e1a98c3b838be557fee229ac0f84d9aa49c36", size = 8681881, upload-time = "2024-05-09T17:12:54.923Z" },
    { url = "https://files.pythonhosted.org/packages/78/a4/ad40ffae25ed3bbe6d835243383061fe59910fe0b8b969f69bf8adfbfa6e/ruff-0.4.4-py3-none-musllinux_1_2_aarch64.whl", hash = "sha256:b1867ee9bf3acc21778dcb293db504692eda5f7a11a6e6cc40890182a9f9e595", size = 7991720, upload-time = "2024-05-09T17:12:58.728Z" },
    { url = "https://files.pythonhosted.org/packages/ea/85/e1bdcdc531a965af551b82233e9ceb12af9661144c9e548693e8b0eba902/ruff-0.4.4-py3-none-musllinux_1_2_armv7l.whl", hash = "sha256:1aecced1269481ef2894cc495647392a34b0bf3e28ff53ed95a385b13aa45768", size = 7471686, upload-time = "2024-05-09T17:13:01.878Z" },
    { url = "https://files.pythonhosted.org/packages/42/87/835d1bdb908a9c4ce56956cf0b08aa0cabe3a1de94294293f4420abd0ac7/ruff-0.4.4-py3-none-musllinux_1_2_i686.whl", hash = "sha256:9da73eb616b3241a307b837f32756dc20a0b07e2bcb694fec73699c93d04a69e", size = 8247728, upload-time = "2024-05-09T17:13:05.823Z" },
    { url = "https://files.pythonhosted.org/packages/58/f8/30969d9268d7435761431c002d29bd4e742ff47e9ffea56d4c6737c4accf/ruff-0.4.4-py3-none-musllinux_1_2_x86_64.whl", hash = "sha256:958b4ea5589706a81065e2a776237de2ecc3e763342e5cc8e02a4a4d8a5e6f95", size = 8736273, upload-time = "2024-05-09T17:13:09.787Z" },
    { url = "https://files.pythonhosted.org/packages/de/cf/17c4b513aad66eca29be135b5446197ff72baebbae6868552545d809b3df/ruff-0.4.4-py3-none-win32.whl", hash = "sha256:cb53473849f011bca6e754f2cdf47cafc9c4f4ff4570003a0dad0b9b6890e876", size = 7637156, upload-time = "2024-05-09T17:13:13.886Z" },
    { url = "https://files.pythonhosted.org/packages/79/00/2470956ed833488a8fe4dd245782022686ba20579f63b5b968b90dc71d45/ruff-0.4.4-py3-none-win_amd64.whl", hash = "sha256:424e5b72597482543b684c11def82669cc6b395aa8cc69acc1858b5ef3e5daae", size = 8424014, upload-time = "2024-05-09T17:13:17.164Z" },
    { url = "https://files.pythonhosted.org/packages/60/39/c554b9f2af7788c63c2ca872bedec26e7a60771215fe75a997927cf22657/ruff-0.4.4-py3-none-win_arm64.whl", hash = "sha256:39df0537b47d3b597293edbb95baf54ff5b49589eb7ff41926d8243caa995ea6", size = 7819582, upload-time = "2024-05-09T17:13:20.438Z" },
]

[[package]]
name = "snakeviz"
version = "2.2.0"
source = { registry = "https://pypi.org/simple" }
dependencies = [
    { name = "tornado" },
]
sdist = { url = "https://files.pythonhosted.org/packages/64/9b/3983c41e913676d55e4b3de869aa0561e053ad3505f1fd35181670244b70/snakeviz-2.2.0.tar.gz", hash = "sha256:7bfd00be7ae147eb4a170a471578e1cd3f41f803238958b6b8efcf2c698a6aa9", size = 181033, upload-time = "2023-04-23T22:58:02.095Z" }
wheels = [
    { url = "https://files.pythonhosted.org/packages/64/f6/d83a7003a1d104a08fc4623c0ac92ed45c394c18e79a5011a4ed87c67501/snakeviz-2.2.0-py2.py3-none-any.whl", hash = "sha256:569e2d71c47f80a886aa6e70d6405cb6d30aa3520969ad956b06f824c5f02b8e", size = 283662, upload-time = "2023-04-23T22:58:19.332Z" },
]

[[package]]
name = "tornado"
version = "6.4.1"
source = { registry = "https://pypi.org/simple" }
sdist = { url = "https://files.pythonhosted.org/packages/ee/66/398ac7167f1c7835406888a386f6d0d26ee5dbf197d8a571300be57662d3/tornado-6.4.1.tar.gz", hash = "sha256:92d3ab53183d8c50f8204a51e6f91d18a15d5ef261e84d452800d4ff6fc504e9", size = 500623, upload-time = "2024-06-06T18:36:29.93Z" }
wheels = [
    { url = "https://files.pythonhosted.org/packages/00/d9/c33be3c1a7564f7d42d87a8d186371a75fd142097076767a5c27da941fef/tornado-6.4.1-cp38-abi3-macosx_10_9_universal2.whl", hash = "sha256:163b0aafc8e23d8cdc3c9dfb24c5368af84a81e3364745ccb4427669bf84aec8", size = 435924, upload-time = "2024-06-06T18:36:10.575Z" },
    { url = "https://files.pythonhosted.org/packages/2e/0f/721e113a2fac2f1d7d124b3279a1da4c77622e104084f56119875019ffab/tornado-6.4.1-cp38-abi3-macosx_10_9_x86_64.whl", hash = "sha256:6d5ce3437e18a2b66fbadb183c1d3364fb03f2be71299e7d10dbeeb69f4b2a14", size = 433883, upload-time = "2024-06-06T18:36:13.13Z" },
    { url = "https://files.pythonhosted.org/packages/13/cf/786b8f1e6fe1c7c675e79657448178ad65e41c1c9765ef82e7f6f765c4c5/tornado-6.4.1-cp38-abi3-manylinux_2_17_aarch64.manylinux2014_aarch64.whl", hash = "sha256:e2e20b9113cd7293f164dc46fffb13535266e713cdb87bd2d15ddb336e96cfc4", size = 437224, upload-time = "2024-06-06T18:36:14.657Z" },
    { url = "https://files.pythonhosted.org/packages/e4/8e/a6ce4b8d5935558828b0f30f3afcb2d980566718837b3365d98e34f6067e/tornado-6.4.1-cp38-abi3-manylinux_2_5_i686.manylinux1_i686.manylinux_2_17_i686.manylinux2014_i686.whl", hash = "sha256:8ae50a504a740365267b2a8d1a90c9fbc86b780a39170feca9bcc1787ff80842", size = 436597, upload-time = "2024-06-06T18:36:17.093Z" },
    { url = "https://files.pythonhosted.org/packages/22/d4/54f9d12668b58336bd30defe0307e6c61589a3e687b05c366f804b7faaf0/tornado-6.4.1-cp38-abi3-manylinux_2_5_x86_64.manylinux1_x86_64.manylinux_2_17_x86_64.manylinux2014_x86_64.whl", hash = "sha256:613bf4ddf5c7a95509218b149b555621497a6cc0d46ac341b30bd9ec19eac7f3", size = 436797, upload-time = "2024-06-06T18:36:19.265Z" },
    { url = "https://files.pythonhosted.org/packages/cf/3f/2c792e7afa7dd8b24fad7a2ed3c2f24a5ec5110c7b43a64cb6095cc106b8/tornado-6.4.1-cp38-abi3-musllinux_1_2_aarch64.whl", hash = "sha256:25486eb223babe3eed4b8aecbac33b37e3dd6d776bc730ca14e1bf93888b979f", size = 437516, upload-time = "2024-06-06T18:36:20.813Z" },
    { url = "https://files.pythonhosted.org/packages/71/63/c8fc62745e669ac9009044b889fc531b6f88ac0f5f183cac79eaa950bb23/tornado-6.4.1-cp38-abi3-musllinux_1_2_i686.whl", hash = "sha256:454db8a7ecfcf2ff6042dde58404164d969b6f5d58b926da15e6b23817950fc4", size = 436958, upload-time = "2024-06-06T18:36:22.679Z" },
    { url = "https://files.pythonhosted.org/packages/94/d4/f8ac1f5bd22c15fad3b527e025ce219bd526acdbd903f52053df2baecc8b/tornado-6.4.1-cp38-abi3-musllinux_1_2_x86_64.whl", hash = "sha256:a02a08cc7a9314b006f653ce40483b9b3c12cda222d6a46d4ac63bb6c9057698", size = 436882, upload-time = "2024-06-06T18:36:24.124Z" },
    { url = "https://files.pythonhosted.org/packages/4b/3e/a8124c21cc0bbf144d7903d2a0cadab15cadaf683fa39a0f92bc567f0d4d/tornado-6.4.1-cp38-abi3-win32.whl", hash = "sha256:d9a566c40b89757c9aa8e6f032bcdb8ca8795d7c1a9762910c722b1635c9de4d", size = 438092, upload-time = "2024-06-06T18:36:25.881Z" },
    { url = "https://files.pythonhosted.org/packages/d9/2f/3f2f05e84a7aff787a96d5fb06821323feb370fe0baed4db6ea7b1088f32/tornado-6.4.1-cp38-abi3-win_amd64.whl", hash = "sha256:b24b8982ed444378d7f21d563f4180a2de31ced9d8d84443907a0a64da2072e7", size = 438532, upload-time = "2024-06-06T18:36:28.494Z" },
]

[[package]]
name = "typing-extensions"
version = "4.12.2"
source = { registry = "https://pypi.org/simple" }
sdist = { url = "https://files.pythonhosted.org/packages/df/db/f35a00659bc03fec321ba8bce9420de607a1d37f8342eee1863174c69557/typing_extensions-4.12.2.tar.gz", hash = "sha256:1a7ead55c7e559dd4dee8856e3a88b41225abfe1ce8df57b7c13915fe121ffb8", size = 85321, upload-time = "2024-06-07T18:52:15.995Z" }
wheels = [
    { url = "https://files.pythonhosted.org/packages/26/9f/ad63fc0248c5379346306f8668cda6e2e2e9c95e01216d2b8ffd9ff037d0/typing_extensions-4.12.2-py3-none-any.whl", hash = "sha256:04e5ca0351e0f3f85c6853954072df659d0d13fac324d0072316b67d7794700d", size = 37438, upload-time = "2024-06-07T18:52:13.582Z" },
]

[[package]]
name = "wcwidth"
version = "0.2.13"
source = { registry = "https://pypi.org/simple" }
sdist = { url = "https://files.pythonhosted.org/packages/6c/63/53559446a878410fc5a5974feb13d31d78d752eb18aeba59c7fef1af7598/wcwidth-0.2.13.tar.gz", hash = "sha256:72ea0c06399eb286d978fdedb6923a9eb47e1c486ce63e9b4e64fc18303972b5", size = 101301, upload-time = "2024-01-06T02:10:57.829Z" }
wheels = [
    { url = "https://files.pythonhosted.org/packages/fd/84/fd2ba7aafacbad3c4201d395674fc6348826569da3c0937e75505ead3528/wcwidth-0.2.13-py2.py3-none-any.whl", hash = "sha256:3da69048e4540d84af32131829ff948f1e022c1c6bdb8d6102117aac784f6859", size = 34166, upload-time = "2024-01-06T02:10:55.763Z" },
]

[[package]]
name = "yappi"
version = "1.6.0"
source = { registry = "https://pypi.org/simple" }
sdist = { url = "https://files.pythonhosted.org/packages/21/73/edfceb363d73be11701a50b003f12acb01d7fefc6a22859f3fd030686e50/yappi-1.6.0.tar.gz", hash = "sha256:a9aaf72009d8c03067294151ee0470ac7a6dfa7b33baab40b198d6c1ef00430a", size = 59325, upload-time = "2023-12-07T08:54:25.586Z" }
wheels = [
    { url = "https://files.pythonhosted.org/packages/ee/55/b68592034563f035393647ae6e8e304cedafbd4d4e3263cd6a2fe0c8dcca/yappi-1.6.0-cp311-cp311-macosx_10_9_x86_64.whl", hash = "sha256:e9bc33b8ec9bce8b2575a4c3878b3cd223d08eb728669924699e5ac937e7b515", size = 32645, upload-time = "2023-12-07T08:53:34.344Z" },
    { url = "https://files.pythonhosted.org/packages/e3/c7/2e928c539c3eb52878c4fe7076e855594c113a7f72b45f93cc6a1c92f417/yappi-1.6.0-cp311-cp311-manylinux_2_5_i686.manylinux1_i686.manylinux_2_17_i686.manylinux2014_i686.whl", hash = "sha256:a1cb70d46827a137350fb84b8fddecd7acec0a11834c763209875788b738f873", size = 76431, upload-time = "2023-12-07T08:53:35.345Z" },
    { url = "https://files.pythonhosted.org/packages/ba/b8/767db975aa34dc50696ccef2b386725d087ec9931c45176999dc9317b49f/yappi-1.6.0-cp311-cp311-manylinux_2_5_x86_64.manylinux1_x86_64.manylinux_2_17_x86_64.manylinux2014_x86_64.whl", hash = "sha256:a2cefe387bc747afcf0b26c9548e242113e17fac3de2674d900e97eb58a328f6", size = 79819, upload-time = "2023-12-07T08:53:36.996Z" },
    { url = "https://files.pythonhosted.org/packages/b1/1e/1bd31a66dce128e292f577e18aa98b38328b47378ecc18d8bf9c7771f54a/yappi-1.6.0-cp311-cp311-musllinux_1_1_i686.whl", hash = "sha256:acfbf4c80b6ee0513ad35a6e4a1f633aa2f93357517f9701aed6ad8cd56544d4", size = 94261, upload-time = "2023-12-07T08:53:38.003Z" },
    { url = "https://files.pythonhosted.org/packages/46/e1/0393228e83df0b45cf8bae4bd25145308e3d487716c9b1d156684e05e4a9/yappi-1.6.0-cp311-cp311-musllinux_1_1_x86_64.whl", hash = "sha256:e4959c1dcfb6da8441d05915bfbb9c697e9f11655568f65b87c341e543bd65d5", size = 97698, upload-time = "2023-12-07T08:53:39.431Z" },
    { url = "https://files.pythonhosted.org/packages/61/c9/89893541fd383c33c37f5873cf837d508d8d007d82dc72efedec484b7137/yappi-1.6.0-cp311-cp311-win32.whl", hash = "sha256:88dee431bba79866692f444110695133181efb2a6969ab63752f4424787f79c8", size = 31863, upload-time = "2023-12-07T08:53:41.166Z" },
    { url = "https://files.pythonhosted.org/packages/45/d6/89fef6f114b420749e15e2151e3249c5428c0bc91c6b203fa80856640269/yappi-1.6.0-cp311-cp311-win_amd64.whl", hash = "sha256:8ddbe1475964f145b028f8bf120a58903d8f6c7bdd1be0a16c1471ba2d8646ca", size = 34355, upload-time = "2023-12-07T08:53:42.753Z" },
    { url = "https://files.pythonhosted.org/packages/f8/8f/9c6803c7efba59882364489c1dbe7d76f5cc758a46279a12c6d050b75975/yappi-1.6.0-cp312-cp312-macosx_10_9_x86_64.whl", hash = "sha256:1ba7d12c18bc0d092463ad126a95a1b2b8c261c47b0e3bd4cb2fd7479469141c", size = 32824, upload-time = "2023-12-07T08:53:44.289Z" },
    { url = "https://files.pythonhosted.org/packages/8f/ec/ff2d2a795c27cf629597839592fc0ee745ff37a9b3f27d6304432d8455df/yappi-1.6.0-cp312-cp312-manylinux_2_5_i686.manylinux1_i686.manylinux_2_17_i686.manylinux2014_i686.whl", hash = "sha256:fb5bbb4c6b996736554cb8f41e7fb6d5ee6096b7c4f54112cce8cf953a92c0a4", size = 77215, upload-time = "2023-12-07T08:53:45.94Z" },
    { url = "https://files.pythonhosted.org/packages/35/63/6077b8fdb2fda67dbffbe382da2e847e3c1b0e81fff6652ea3719221d402/yappi-1.6.0-cp312-cp312-manylinux_2_5_x86_64.manylinux1_x86_64.manylinux_2_17_x86_64.manylinux2014_x86_64.whl", hash = "sha256:c12da5f310d81779056566259fef644a9c14ac1ec9a2b1b8a3fc62beb4ca6980", size = 81284, upload-time = "2023-12-07T08:53:47.016Z" },
    { url = "https://files.pythonhosted.org/packages/b9/40/3f9f202877912242dc107be86d0ed9e8212ec8f5d7f85d465b93594efd17/yappi-1.6.0-cp312-cp312-musllinux_1_1_i686.whl", hash = "sha256:677d992c41b239441eee399ac39ea7601010ddb5acb92bf997de7589f9ee2cc1", size = 92470, upload-time = "2023-12-07T08:53:47.963Z" },
    { url = "https://files.pythonhosted.org/packages/9f/08/cfa1bb2ccadb9ec8955f703e61b0da7f8f0da0953cf8ad1d51621acd33ef/yappi-1.6.0-cp312-cp312-musllinux_1_1_x86_64.whl", hash = "sha256:d58e60aac43041d109f0931917204ef02ac01004b9579fe173f2847fbc69655b", size = 96340, upload-time = "2023-12-07T08:53:49.672Z" },
    { url = "https://files.pythonhosted.org/packages/2e/dd/421846a02bfcf69da82b280e04363f6e492ffdaae081dfc5949c0547a681/yappi-1.6.0-cp312-cp312-win32.whl", hash = "sha256:a6797f189b7b89154d6c7c53ac769a22f0adb7bd88ea5b8f6c65106a286afad6", size = 32011, upload-time = "2023-12-07T08:53:50.682Z" },
    { url = "https://files.pythonhosted.org/packages/6d/6f/4912ff46803c3227e4f60e35f46edd1dc4ca0b8ec3bc7569a432fc41f09f/yappi-1.6.0-cp312-cp312-win_amd64.whl", hash = "sha256:cdaa263ba667aac9bf7bdc0d96fd10e2761a287f01fe87dc136f064ab7696af3", size = 34421, upload-time = "2023-12-07T08:53:52.234Z" },
]
